// !$*UTF8*$!
{
	archiveVersion = 1;
	classes = {
	};
	objectVersion = 77;
	objects = {

/* Begin PBXBuildFile section */
		155399752F7C0F5B0028BD24 /* AnimeReviewSkeletonViews.swift in Sources */ = {isa = PBXBuildFile; fileRef = 155399742F7C0F5B0028BD24 /* AnimeReviewSkeletonViews.swift */; };
		155399772F7C14220028BD24 /* AnimeReviewEmptyStateView.swift in Sources */ = {isa = PBXBuildFile; fileRef = 155399762F7C14220028BD24 /* AnimeReviewEmptyStateView.swift */; };
		1553997B2F7C18BD0028BD24 /* MangaDetailView.swift in Sources */ = {isa = PBXBuildFile; fileRef = 1553997A2F7C18BD0028BD24 /* MangaDetailView.swift */; };
		1555A2382F7B94F300501496 /* AnimeDetailMediaKind.swift in Sources */ = {isa = PBXBuildFile; fileRef = 1555A2372F7B94F300501496 /* AnimeDetailMediaKind.swift */; };
		1555A23A2F7B951000501496 /* AnimeDetailViewModel+DisplayPolicy.swift in Sources */ = {isa = PBXBuildFile; fileRef = 1555A2392F7B951000501496 /* AnimeDetailViewModel+DisplayPolicy.swift */; };
		1555A23E2F7B978800501496 /* AnimeDetailDateFormatting.swift in Sources */ = {isa = PBXBuildFile; fileRef = 1555A23D2F7B978800501496 /* AnimeDetailDateFormatting.swift */; };
		1555A2542F7BB38900501496 /* AnimeDetailPicturesModel.swift in Sources */ = {isa = PBXBuildFile; fileRef = 1555A2532F7BB38900501496 /* AnimeDetailPicturesModel.swift */; };
		1555A2562F7BB39400501496 /* AnimeDetailPicturesSectionView.swift in Sources */ = {isa = PBXBuildFile; fileRef = 1555A2552F7BB39400501496 /* AnimeDetailPicturesSectionView.swift */; };
		155A9BF62F782B1100E9E3E0 /* SkeletonBar.swift in Sources */ = {isa = PBXBuildFile; fileRef = 155A9BF52F782B1100E9E3E0 /* SkeletonBar.swift */; };
		155A9C022F782C2200F1E4F0 /* SectionCardSkeleton.swift in Sources */ = {isa = PBXBuildFile; fileRef = 155A9C012F782C2200F1E4F0 /* SectionCardSkeleton.swift */; };
		1572FE052F762D7000756CBA /* HomeTodayAnimeViewModel.swift in Sources */ = {isa = PBXBuildFile; fileRef = 1572FE042F762D7000756CBA /* HomeTodayAnimeViewModel.swift */; };
		1572FE072F762D7700756CBA /* HomeTodayAnimeModel.swift in Sources */ = {isa = PBXBuildFile; fileRef = 1572FE062F762D7700756CBA /* HomeTodayAnimeModel.swift */; };
		1572FE0A2F762DE300756CBA /* HomeTodayAnimeView.swift in Sources */ = {isa = PBXBuildFile; fileRef = 1572FE082F762DE300756CBA /* HomeTodayAnimeView.swift */; };
		1574EC3D2F7BCB5300E37AE8 /* AnimeReviewView.swift in Sources */ = {isa = PBXBuildFile; fileRef = 1574EC3C2F7BCB5300E37AE8 /* AnimeReviewView.swift */; };
		1574EC3F2F7BCB6900E37AE8 /* AnimeReviewViewModel.swift in Sources */ = {isa = PBXBuildFile; fileRef = 1574EC3E2F7BCB6900E37AE8 /* AnimeReviewViewModel.swift */; };
		1574EC412F7BCB7800E37AE8 /* AnimeReviewModel.swift in Sources */ = {isa = PBXBuildFile; fileRef = 1574EC402F7BCB7800E37AE8 /* AnimeReviewModel.swift */; };
		1574EC432F7BCB8800E37AE8 /* AnimeReviewService.swift in Sources */ = {isa = PBXBuildFile; fileRef = 1574EC422F7BCB8800E37AE8 /* AnimeReviewService.swift */; };
		1574EC4C2F7BCC0000E37AE8 /* AnimeReviewListView.swift in Sources */ = {isa = PBXBuildFile; fileRef = 1574EC4A2F7BCBE000E37AE8 /* AnimeReviewListView.swift */; };
		1574EC4D2F7BCC1000E37AE8 /* AnimeReviewRowView.swift in Sources */ = {isa = PBXBuildFile; fileRef = 1574EC4B2F7BCBF000E37AE8 /* AnimeReviewRowView.swift */; };
		1574EC562F7BCCA000E37AE8 /* AnimeReviewViewModel+Presentation.swift in Sources */ = {isa = PBXBuildFile; fileRef = 1574EC552F7BCC9000E37AE8 /* AnimeReviewViewModel+Presentation.swift */; };
		1574EC752F7BCDD000E37AE8 /* AnimeReviewRowHeaderView.swift in Sources */ = {isa = PBXBuildFile; fileRef = 1574EC742F7BCDC000E37AE8 /* AnimeReviewRowHeaderView.swift */; };
		1574EC772F7BCDF000E37AE8 /* AnimeReviewRowBadgesView.swift in Sources */ = {isa = PBXBuildFile; fileRef = 1574EC762F7BCDE000E37AE8 /* AnimeReviewRowBadgesView.swift */; };
		1574EC792F7BCE1000E37AE8 /* AnimeReviewRowTagsView.swift in Sources */ = {isa = PBXBuildFile; fileRef = 1574EC782F7BCE0000E37AE8 /* AnimeReviewRowTagsView.swift */; };
		1574ECA72F7CB2F100E37AE8 /* MangaDetailModel.swift in Sources */ = {isa = PBXBuildFile; fileRef = 1574ECA62F7CB2F100E37AE8 /* MangaDetailModel.swift */; };
		1574ECA92F7CB30100E37AE8 /* MangaDetailViewModel.swift in Sources */ = {isa = PBXBuildFile; fileRef = 1574ECA82F7CB30100E37AE8 /* MangaDetailViewModel.swift */; };
		1574ECAB2F7CB30F00E37AE8 /* MangaDetailService.swift in Sources */ = {isa = PBXBuildFile; fileRef = 1574ECAA2F7CB30F00E37AE8 /* MangaDetailService.swift */; };
		15750AF32F7282C70037E8A5 /* MainTabBarView.swift in Sources */ = {isa = PBXBuildFile; fileRef = 15750AF22F7282C70037E8A5 /* MainTabBarView.swift */; };
		15750AFF2F7285520037E8A5 /* PlaceholderView.swift in Sources */ = {isa = PBXBuildFile; fileRef = 15750AFE2F7285520037E8A5 /* PlaceholderView.swift */; };
		157561A72F728F8B0037E8A5 /* MainTabBarViewModel.swift in Sources */ = {isa = PBXBuildFile; fileRef = 157561A62F728F8B0037E8A5 /* MainTabBarViewModel.swift */; };
		1576E4222F7B82440082CD46 /* AnimeDetailTrailerSectionView.swift in Sources */ = {isa = PBXBuildFile; fileRef = 1576E4212F7B82440082CD46 /* AnimeDetailTrailerSectionView.swift */; };
		1576E4252F7B82680082CD46 /* YouTubeEmbedWebView.swift in Sources */ = {isa = PBXBuildFile; fileRef = 1576E4232F7B82680082CD46 /* YouTubeEmbedWebView.swift */; };
		1585971B2F7B614200B0BDA1 /* AnimeDetailViewModel+Presentation.swift in Sources */ = {isa = PBXBuildFile; fileRef = 1585971A2F7B614200B0BDA1 /* AnimeDetailViewModel+Presentation.swift */; };
		1585971F2F7B614A00B0BDA1 /* AnimeDetailSeasonFormatting.swift in Sources */ = {isa = PBXBuildFile; fileRef = 1585971D2F7B614A00B0BDA1 /* AnimeDetailSeasonFormatting.swift */; };
		159667BF2F8632AC0033410A /* AnimeListView.swift in Sources */ = {isa = PBXBuildFile; fileRef = 159667BE2F8632AC0033410A /* AnimeListView.swift */; };
		159667C12F8632B70033410A /* MangaListView.swift in Sources */ = {isa = PBXBuildFile; fileRef = 159667C02F8632B70033410A /* MangaListView.swift */; };
		159667C52F8632DC0033410A /* CharacterListView.swift in Sources */ = {isa = PBXBuildFile; fileRef = 159667C42F8632DC0033410A /* CharacterListView.swift */; };
		159667CA2F8634440033410A /* MainListKind.swift in Sources */ = {isa = PBXBuildFile; fileRef = 159667C92F8634440033410A /* MainListKind.swift */; };
		159667E02F864A6F0033410A /* PeopleListView.swift in Sources */ = {isa = PBXBuildFile; fileRef = 159667DE2F864A6F0033410A /* PeopleListView.swift */; };
		159667EC2F8651EA0033410A /* AnimeListViewModel.swift in Sources */ = {isa = PBXBuildFile; fileRef = 159667EB2F8651EA0033410A /* AnimeListViewModel.swift */; };
		159667EE2F8651FC0033410A /* MainCategoryListService.swift in Sources */ = {isa = PBXBuildFile; fileRef = 159667ED2F8651FC0033410A /* MainCategoryListService.swift */; };
		159667F02F8652B90033410A /* AnimeListModel.swift in Sources */ = {isa = PBXBuildFile; fileRef = 159667EF2F8652B90033410A /* AnimeListModel.swift */; };
		159667F42F8659AD0033410A /* PosterTextGradientOverlayView.swift in Sources */ = {isa = PBXBuildFile; fileRef = 159667F12F8659AD0033410A /* PosterTextGradientOverlayView.swift */; };
		159667F52F8659AD0033410A /* RemotePosterImageView.swift in Sources */ = {isa = PBXBuildFile; fileRef = 159667F22F8659AD0033410A /* RemotePosterImageView.swift */; };
		159667FE2F865AC60033410A /* RandomHeroActionButtonsView.swift in Sources */ = {isa = PBXBuildFile; fileRef = 159667FB2F865AC60033410A /* RandomHeroActionButtonsView.swift */; };
		159667FF2F865AC60033410A /* RandomHeroSkeletonView.swift in Sources */ = {isa = PBXBuildFile; fileRef = 159667FD2F865AC60033410A /* RandomHeroSkeletonView.swift */; };
		159668002F865AC60033410A /* RandomHeroCardView.swift in Sources */ = {isa = PBXBuildFile; fileRef = 159667FC2F865AC60033410A /* RandomHeroCardView.swift */; };
		1596680B2F865F720033410A /* RandomHeroSectionView.swift in Sources */ = {isa = PBXBuildFile; fileRef = 1596680A2F865F720033410A /* RandomHeroSectionView.swift */; };
		1596680C2F865F720033410A /* RandomHeroErrorView.swift in Sources */ = {isa = PBXBuildFile; fileRef = 159668092F865F720033410A /* RandomHeroErrorView.swift */; };
		15A295482F86297D0056071F /* AppLogger.swift in Sources */ = {isa = PBXBuildFile; fileRef = 15A295442F86297D0056071F /* AppLogger.swift */; };
		15A295562F86302A0056071F /* MainCategoryListView.swift in Sources */ = {isa = PBXBuildFile; fileRef = 15A295552F86302A0056071F /* MainCategoryListView.swift */; };
		15A295602F8631D60056071F /* MainCategoryListViewModel.swift in Sources */ = {isa = PBXBuildFile; fileRef = 15A2955F2F8631D60056071F /* MainCategoryListViewModel.swift */; };
		15A295632F8631F00056071F /* MainCategoryListModel.swift in Sources */ = {isa = PBXBuildFile; fileRef = 15A295622F8631F00056071F /* MainCategoryListModel.swift */; };
		15A80E402F7E560600DDB201 /* MainSearchView.swift in Sources */ = {isa = PBXBuildFile; fileRef = 15A80E3F2F7E560600DDB201 /* MainSearchView.swift */; };
		15A80E472F7E5EDD00DDB201 /* MainSearchViewModel.swift in Sources */ = {isa = PBXBuildFile; fileRef = 15A80E462F7E5EDD00DDB201 /* MainSearchViewModel.swift */; };
		15A80E492F7E5EE800DDB201 /* MainSearchModel.swift in Sources */ = {isa = PBXBuildFile; fileRef = 15A80E482F7E5EE800DDB201 /* MainSearchModel.swift */; };
		15A80E4B2F7E5EF800DDB201 /* MainSearchService.swift in Sources */ = {isa = PBXBuildFile; fileRef = 15A80E4A2F7E5EF800DDB201 /* MainSearchService.swift */; };
		15A8C0112F7E0E0100E20002 /* MangaReviewView.swift in Sources */ = {isa = PBXBuildFile; fileRef = 15A8C0102F7E0E0100E20001 /* MangaReviewView.swift */; };
		15A8C0132F7E0E0100E20004 /* MangaReviewModel.swift in Sources */ = {isa = PBXBuildFile; fileRef = 15A8C0122F7E0E0100E20003 /* MangaReviewModel.swift */; };
		15A8C0152F7E0E0100E20006 /* MangaReviewService.swift in Sources */ = {isa = PBXBuildFile; fileRef = 15A8C0142F7E0E0100E20005 /* MangaReviewService.swift */; };
		15A8C0172F7E0E0100E20008 /* MangaReviewViewModel.swift in Sources */ = {isa = PBXBuildFile; fileRef = 15A8C0162F7E0E0100E20007 /* MangaReviewViewModel.swift */; };
		15A8C0192F7E0E0100E2000A /* MangaReviewViewModel+Presentation.swift in Sources */ = {isa = PBXBuildFile; fileRef = 15A8C0182F7E0E0100E20009 /* MangaReviewViewModel+Presentation.swift */; };
		15A8C01B2F7E0E0100E2000C /* MangaReviewListView.swift in Sources */ = {isa = PBXBuildFile; fileRef = 15A8C01A2F7E0E0100E2000B /* MangaReviewListView.swift */; };
		15A8C01D2F7E0E0100E2000E /* MangaReviewRowView.swift in Sources */ = {isa = PBXBuildFile; fileRef = 15A8C01C2F7E0E0100E2000D /* MangaReviewRowView.swift */; };
		15A8C01F2F7E0E0100E20010 /* MangaReviewRowHeaderView.swift in Sources */ = {isa = PBXBuildFile; fileRef = 15A8C01E2F7E0E0100E2000F /* MangaReviewRowHeaderView.swift */; };
		15A8C0212F7E0E0100E20012 /* MangaReviewRowBadgesView.swift in Sources */ = {isa = PBXBuildFile; fileRef = 15A8C0202F7E0E0100E20011 /* MangaReviewRowBadgesView.swift */; };
		15A8C0232F7E0E0100E20014 /* MangaReviewSkeletonViews.swift in Sources */ = {isa = PBXBuildFile; fileRef = 15A8C0222F7E0E0100E20013 /* MangaReviewSkeletonViews.swift */; };
		15ADSK022F7C700200E37E02 /* AnimeDetailSectionSkeletonViews.swift in Sources */ = {isa = PBXBuildFile; fileRef = 15ADSK012F7C700100E37E01 /* AnimeDetailSectionSkeletonViews.swift */; };
		15B80E602F8E100100DDB201 /* MainSearchResultsContentView.swift in Sources */ = {isa = PBXBuildFile; fileRef = 15B80E642F8E100100DDB201 /* MainSearchResultsContentView.swift */; };
		15B80E612F8E100200DDB201 /* MainSearchListSkeletonView.swift in Sources */ = {isa = PBXBuildFile; fileRef = 15B80E652F8E100200DDB201 /* MainSearchListSkeletonView.swift */; };
		15B80E622F8E100300DDB201 /* MainSearchResultRowView.swift in Sources */ = {isa = PBXBuildFile; fileRef = 15B80E662F8E100300DDB201 /* MainSearchResultRowView.swift */; };
		15C80E702F8E200100DDB201 /* PageWebView.swift in Sources */ = {isa = PBXBuildFile; fileRef = 15C80E712F8E200100DDB201 /* PageWebView.swift */; };
		15C80E722F8E200200DDB201 /* NavigationWebPageView.swift in Sources */ = {isa = PBXBuildFile; fileRef = 15C80E732F8E200200DDB201 /* NavigationWebPageView.swift */; };
		15CF35722F8100D900384C5C /* CapsuleTagScrollView.swift in Sources */ = {isa = PBXBuildFile; fileRef = 15CF35702F8100D900384C5C /* CapsuleTagScrollView.swift */; };
		15D4MD012F7C50100E37C01 /* MangaDetailViewModel+Presentation.swift in Sources */ = {isa = PBXBuildFile; fileRef = 15D4MD002F7C50000E37C00 /* MangaDetailViewModel+Presentation.swift */; };
		15D4MD032F7C50300E37C03 /* MangaDetailHeaderSectionView.swift in Sources */ = {isa = PBXBuildFile; fileRef = 15D4MD022F7C50200E37C02 /* MangaDetailHeaderSectionView.swift */; };
		15D4MD052F7C50500E37C05 /* MangaDetailHighlightsSectionView.swift in Sources */ = {isa = PBXBuildFile; fileRef = 15D4MD042F7C50400E37C04 /* MangaDetailHighlightsSectionView.swift */; };
		15D4MD092F7C50900E37C09 /* MangaDetailScoreSectionView.swift in Sources */ = {isa = PBXBuildFile; fileRef = 15D4MD082F7C50800E37C08 /* MangaDetailScoreSectionView.swift */; };
		15D4MD0B2F7C50B00E37C0B /* MangaDetailSynopsisSectionView.swift in Sources */ = {isa = PBXBuildFile; fileRef = 15D4MD0A2F7C50A00E37C0A /* MangaDetailSynopsisSectionView.swift */; };
		15D4MD0D2F7C50D00E37C0D /* MangaDetailPublicationSectionView.swift in Sources */ = {isa = PBXBuildFile; fileRef = 15D4MD0C2F7C50C00E37C0C /* MangaDetailPublicationSectionView.swift */; };
		15D4SK022F7C600200E37D02 /* MangaDetailSectionSkeletonViews.swift in Sources */ = {isa = PBXBuildFile; fileRef = 15D4SK012F7C600100E37D01 /* MangaDetailSectionSkeletonViews.swift */; };
		15D80E982F8E301400DDB201 /* MainSearchRouter.swift in Sources */ = {isa = PBXBuildFile; fileRef = 15D80E992F8E301400DDB201 /* MainSearchRouter.swift */; };
		15DE55A02F723A9C00B292AD /* SDWebImageSwiftUI in Frameworks */ = {isa = PBXBuildFile; productRef = 15DE559F2F723A9C00B292AD /* SDWebImageSwiftUI */; };
		15DE55A42F723C0000B292AD /* JikanAPIService.swift in Sources */ = {isa = PBXBuildFile; fileRef = 15DE55A52F723C0000B292AD /* JikanAPIService.swift */; };
		15DE55B72F723F2800B292AD /* APIConfig.swift in Sources */ = {isa = PBXBuildFile; fileRef = 15DE55B62F723F2800B292AD /* APIConfig.swift */; };
		15FC4F3A2F73E7340054153E /* HeroBannerView.swift in Sources */ = {isa = PBXBuildFile; fileRef = 15FC4F392F73E7340054153E /* HeroBannerView.swift */; };
		15FC4F3C2F73E7520054153E /* HeroBannerModel.swift in Sources */ = {isa = PBXBuildFile; fileRef = 15FC4F3B2F73E7520054153E /* HeroBannerModel.swift */; };
		15FC4F3E2F73E7620054153E /* HeroBannerViewModel.swift in Sources */ = {isa = PBXBuildFile; fileRef = 15FC4F3D2F73E7620054153E /* HeroBannerViewModel.swift */; };
		15FC4F412F73EB7B0054153E /* MainHomeService.swift in Sources */ = {isa = PBXBuildFile; fileRef = 15FC4F402F73EB7B0054153E /* MainHomeService.swift */; };
		15FC4F452F74C7CF0054153E /* ErrorMessageView.swift in Sources */ = {isa = PBXBuildFile; fileRef = 15FC4F442F74C7CF0054153E /* ErrorMessageView.swift */; };
		15FC4F472F74DF4D0054153E /* HeroBannerImageView.swift in Sources */ = {isa = PBXBuildFile; fileRef = 15FC4F462F74DF4D0054153E /* HeroBannerImageView.swift */; };
		15FC4F4B2F74E52B0054153E /* BannerSkeletonView.swift in Sources */ = {isa = PBXBuildFile; fileRef = 15FC4F4A2F74E52B0054153E /* BannerSkeletonView.swift */; };
		15FC4F4F2F74E6440054153E /* ShimmerView.swift in Sources */ = {isa = PBXBuildFile; fileRef = 15FC4F4E2F74E6440054153E /* ShimmerView.swift */; };
		15FC4F522F7507300054153E /* HomeTrendingAnimeView.swift in Sources */ = {isa = PBXBuildFile; fileRef = 15FC4F512F7507300054153E /* HomeTrendingAnimeView.swift */; };
		15FC4F542F75077C0054153E /* HomeTrendingAnimeModel.swift in Sources */ = {isa = PBXBuildFile; fileRef = 15FC4F532F75077C0054153E /* HomeTrendingAnimeModel.swift */; };
		15FC4F562F7507910054153E /* HomeTrendingAnimeViewModel.swift in Sources */ = {isa = PBXBuildFile; fileRef = 15FC4F552F7507910054153E /* HomeTrendingAnimeViewModel.swift */; };
		15FC4F5A2F750B760054153E /* UIColorExtension.swift in Sources */ = {isa = PBXBuildFile; fileRef = 15FC4F592F750B760054153E /* UIColorExtension.swift */; };
		15FC4F5F2F750C0B0054153E /* ThemeColor.swift in Sources */ = {isa = PBXBuildFile; fileRef = 15FC4F5E2F750C0B0054153E /* ThemeColor.swift */; };
		15FC4F6E2F752C250054153E /* HomeTrendingMangaView.swift in Sources */ = {isa = PBXBuildFile; fileRef = 15FC4F6D2F752C250054153E /* HomeTrendingMangaView.swift */; };
		15FC4F722F752CAB0054153E /* HomeTrendingMangaModel.swift in Sources */ = {isa = PBXBuildFile; fileRef = 15FC4F712F752CAB0054153E /* HomeTrendingMangaModel.swift */; };
		15FC4F742F752CB60054153E /* HomeTrendingMangaViewModel.swift in Sources */ = {isa = PBXBuildFile; fileRef = 15FC4F732F752CB60054153E /* HomeTrendingMangaViewModel.swift */; };
		15FCF8882F73C28B0054153E /* MainHomeView.swift in Sources */ = {isa = PBXBuildFile; fileRef = 15FCF8872F73C28B0054153E /* MainHomeView.swift */; };
		15FF295D2F76332700D3241C /* AnimeDetailView.swift in Sources */ = {isa = PBXBuildFile; fileRef = 15FF295C2F76332700D3241C /* AnimeDetailView.swift */; };
		15FF29642F76351700D3241C /* PosterCardView.swift in Sources */ = {isa = PBXBuildFile; fileRef = 15FF29622F76351700D3241C /* PosterCardView.swift */; };
		15FF29682F763B3100D3241C /* AnimeDetailModel.swift in Sources */ = {isa = PBXBuildFile; fileRef = 15FF29672F763B3100D3241C /* AnimeDetailModel.swift */; };
		15FF296B2F763B4300D3241C /* AnimeDetailViewModel.swift in Sources */ = {isa = PBXBuildFile; fileRef = 15FF296A2F763B4300D3241C /* AnimeDetailViewModel.swift */; };
		15FF296D2F763B4C00D3241C /* AnimeDetailService.swift in Sources */ = {isa = PBXBuildFile; fileRef = 15FF296C2F763B4C00D3241C /* AnimeDetailService.swift */; };
		15FF80152F7653E200D3241C /* MainHomeRouter.swift in Sources */ = {isa = PBXBuildFile; fileRef = 15FF80132F7653E200D3241C /* MainHomeRouter.swift */; };
		15FF80172F76575F00D3241C /* HeroBannerSlideView.swift in Sources */ = {isa = PBXBuildFile; fileRef = 15FF80162F76575F00D3241C /* HeroBannerSlideView.swift */; };
		15FF80202F765C9500D3241C /* AnimeDetailSynopsisSectionView.swift in Sources */ = {isa = PBXBuildFile; fileRef = 15FF801E2F765C9500D3241C /* AnimeDetailSynopsisSectionView.swift */; };
		15FF80212F765C9500D3241C /* AnimeDetailBasicInfoSectionView.swift in Sources */ = {isa = PBXBuildFile; fileRef = 15FF80182F765C9500D3241C /* AnimeDetailBasicInfoSectionView.swift */; };
		15FF80232F765C9500D3241C /* AnimeDetailStaffSectionView.swift in Sources */ = {isa = PBXBuildFile; fileRef = 15FF801D2F765C9500D3241C /* AnimeDetailStaffSectionView.swift */; };
		15FF80242F765C9500D3241C /* AnimeDetailSectionComponents.swift in Sources */ = {isa = PBXBuildFile; fileRef = 15FF801C2F765C9500D3241C /* AnimeDetailSectionComponents.swift */; };
		15FF80252F765C9500D3241C /* AnimeDetailScoreSectionView.swift in Sources */ = {isa = PBXBuildFile; fileRef = 15FF801B2F765C9500D3241C /* AnimeDetailScoreSectionView.swift */; };
		15FF80262F765C9500D3241C /* AnimeDetailHeaderSectionView.swift in Sources */ = {isa = PBXBuildFile; fileRef = 15FF801A2F765C9500D3241C /* AnimeDetailHeaderSectionView.swift */; };
		15FF80292F7662A100D3241C /* AnimeDetailHighlightsSectionView.swift in Sources */ = {isa = PBXBuildFile; fileRef = 15FF80282F7662A100D3241C /* AnimeDetailHighlightsSectionView.swift */; };
		15MAL022F7F2000100MAL02 /* MALWorkPageOpenButton.swift in Sources */ = {isa = PBXBuildFile; fileRef = 15MAL012F7F2000100MAL01 /* MALWorkPageOpenButton.swift */; };
/* End PBXBuildFile section */

/* Begin PBXFileReference section */
		155399742F7C0F5B0028BD24 /* AnimeReviewSkeletonViews.swift */ = {isa = PBXFileReference; lastKnownFileType = sourcecode.swift; path = AnimeReviewSkeletonViews.swift; sourceTree = "<group>"; };
		155399762F7C14220028BD24 /* AnimeReviewEmptyStateView.swift */ = {isa = PBXFileReference; lastKnownFileType = sourcecode.swift; path = AnimeReviewEmptyStateView.swift; sourceTree = "<group>"; };
		1553997A2F7C18BD0028BD24 /* MangaDetailView.swift */ = {isa = PBXFileReference; lastKnownFileType = sourcecode.swift; path = MangaDetailView.swift; sourceTree = "<group>"; };
		1555A2372F7B94F300501496 /* AnimeDetailMediaKind.swift */ = {isa = PBXFileReference; lastKnownFileType = sourcecode.swift; path = AnimeDetailMediaKind.swift; sourceTree = "<group>"; };
		1555A2392F7B951000501496 /* AnimeDetailViewModel+DisplayPolicy.swift */ = {isa = PBXFileReference; lastKnownFileType = sourcecode.swift; path = "AnimeDetailViewModel+DisplayPolicy.swift"; sourceTree = "<group>"; };
		1555A23D2F7B978800501496 /* AnimeDetailDateFormatting.swift */ = {isa = PBXFileReference; lastKnownFileType = sourcecode.swift; path = AnimeDetailDateFormatting.swift; sourceTree = "<group>"; };
		1555A2532F7BB38900501496 /* AnimeDetailPicturesModel.swift */ = {isa = PBXFileReference; lastKnownFileType = sourcecode.swift; path = AnimeDetailPicturesModel.swift; sourceTree = "<group>"; };
		1555A2552F7BB39400501496 /* AnimeDetailPicturesSectionView.swift */ = {isa = PBXFileReference; lastKnownFileType = sourcecode.swift; path = AnimeDetailPicturesSectionView.swift; sourceTree = "<group>"; };
		155A9BF52F782B1100E9E3E0 /* SkeletonBar.swift */ = {isa = PBXFileReference; lastKnownFileType = sourcecode.swift; path = SkeletonBar.swift; sourceTree = "<group>"; };
		155A9C012F782C2200F1E4F0 /* SectionCardSkeleton.swift */ = {isa = PBXFileReference; lastKnownFileType = sourcecode.swift; path = SectionCardSkeleton.swift; sourceTree = "<group>"; };
		1572FE042F762D7000756CBA /* HomeTodayAnimeViewModel.swift */ = {isa = PBXFileReference; lastKnownFileType = sourcecode.swift; path = HomeTodayAnimeViewModel.swift; sourceTree = "<group>"; };
		1572FE062F762D7700756CBA /* HomeTodayAnimeModel.swift */ = {isa = PBXFileReference; lastKnownFileType = sourcecode.swift; path = HomeTodayAnimeModel.swift; sourceTree = "<group>"; };
		1572FE082F762DE300756CBA /* HomeTodayAnimeView.swift */ = {isa = PBXFileReference; lastKnownFileType = sourcecode.swift; path = HomeTodayAnimeView.swift; sourceTree = "<group>"; };
		1574EC3C2F7BCB5300E37AE8 /* AnimeReviewView.swift */ = {isa = PBXFileReference; lastKnownFileType = sourcecode.swift; path = AnimeReviewView.swift; sourceTree = "<group>"; };
		1574EC3E2F7BCB6900E37AE8 /* AnimeReviewViewModel.swift */ = {isa = PBXFileReference; lastKnownFileType = sourcecode.swift; path = AnimeReviewViewModel.swift; sourceTree = "<group>"; };
		1574EC402F7BCB7800E37AE8 /* AnimeReviewModel.swift */ = {isa = PBXFileReference; lastKnownFileType = sourcecode.swift; path = AnimeReviewModel.swift; sourceTree = "<group>"; };
		1574EC422F7BCB8800E37AE8 /* AnimeReviewService.swift */ = {isa = PBXFileReference; lastKnownFileType = sourcecode.swift; path = AnimeReviewService.swift; sourceTree = "<group>"; };
		1574EC4A2F7BCBE000E37AE8 /* AnimeReviewListView.swift */ = {isa = PBXFileReference; lastKnownFileType = sourcecode.swift; path = AnimeReviewListView.swift; sourceTree = "<group>"; };
		1574EC4B2F7BCBF000E37AE8 /* AnimeReviewRowView.swift */ = {isa = PBXFileReference; lastKnownFileType = sourcecode.swift; path = AnimeReviewRowView.swift; sourceTree = "<group>"; };
		1574EC552F7BCC9000E37AE8 /* AnimeReviewViewModel+Presentation.swift */ = {isa = PBXFileReference; lastKnownFileType = sourcecode.swift; path = "AnimeReviewViewModel+Presentation.swift"; sourceTree = "<group>"; };
		1574EC742F7BCDC000E37AE8 /* AnimeReviewRowHeaderView.swift */ = {isa = PBXFileReference; lastKnownFileType = sourcecode.swift; path = AnimeReviewRowHeaderView.swift; sourceTree = "<group>"; };
		1574EC762F7BCDE000E37AE8 /* AnimeReviewRowBadgesView.swift */ = {isa = PBXFileReference; lastKnownFileType = sourcecode.swift; path = AnimeReviewRowBadgesView.swift; sourceTree = "<group>"; };
		1574EC782F7BCE0000E37AE8 /* AnimeReviewRowTagsView.swift */ = {isa = PBXFileReference; lastKnownFileType = sourcecode.swift; path = AnimeReviewRowTagsView.swift; sourceTree = "<group>"; };
		1574ECA62F7CB2F100E37AE8 /* MangaDetailModel.swift */ = {isa = PBXFileReference; lastKnownFileType = sourcecode.swift; path = MangaDetailModel.swift; sourceTree = "<group>"; };
		1574ECA82F7CB30100E37AE8 /* MangaDetailViewModel.swift */ = {isa = PBXFileReference; lastKnownFileType = sourcecode.swift; path = MangaDetailViewModel.swift; sourceTree = "<group>"; };
		1574ECAA2F7CB30F00E37AE8 /* MangaDetailService.swift */ = {isa = PBXFileReference; lastKnownFileType = sourcecode.swift; path = MangaDetailService.swift; sourceTree = "<group>"; };
		15750AF22F7282C70037E8A5 /* MainTabBarView.swift */ = {isa = PBXFileReference; lastKnownFileType = sourcecode.swift; path = MainTabBarView.swift; sourceTree = "<group>"; };
		15750AFE2F7285520037E8A5 /* PlaceholderView.swift */ = {isa = PBXFileReference; lastKnownFileType = sourcecode.swift; path = PlaceholderView.swift; sourceTree = "<group>"; };
		157561A62F728F8B0037E8A5 /* MainTabBarViewModel.swift */ = {isa = PBXFileReference; lastKnownFileType = sourcecode.swift; path = MainTabBarViewModel.swift; sourceTree = "<group>"; };
		1576E4212F7B82440082CD46 /* AnimeDetailTrailerSectionView.swift */ = {isa = PBXFileReference; lastKnownFileType = sourcecode.swift; path = AnimeDetailTrailerSectionView.swift; sourceTree = "<group>"; };
		1576E4232F7B82680082CD46 /* YouTubeEmbedWebView.swift */ = {isa = PBXFileReference; lastKnownFileType = sourcecode.swift; path = YouTubeEmbedWebView.swift; sourceTree = "<group>"; };
		1585971A2F7B614200B0BDA1 /* AnimeDetailViewModel+Presentation.swift */ = {isa = PBXFileReference; lastKnownFileType = sourcecode.swift; path = "AnimeDetailViewModel+Presentation.swift"; sourceTree = "<group>"; };
		1585971D2F7B614A00B0BDA1 /* AnimeDetailSeasonFormatting.swift */ = {isa = PBXFileReference; lastKnownFileType = sourcecode.swift; path = AnimeDetailSeasonFormatting.swift; sourceTree = "<group>"; };
		159667BE2F8632AC0033410A /* AnimeListView.swift */ = {isa = PBXFileReference; lastKnownFileType = sourcecode.swift; path = AnimeListView.swift; sourceTree = "<group>"; };
		159667C02F8632B70033410A /* MangaListView.swift */ = {isa = PBXFileReference; lastKnownFileType = sourcecode.swift; path = MangaListView.swift; sourceTree = "<group>"; };
		159667C42F8632DC0033410A /* CharacterListView.swift */ = {isa = PBXFileReference; lastKnownFileType = sourcecode.swift; path = CharacterListView.swift; sourceTree = "<group>"; };
		159667C92F8634440033410A /* MainListKind.swift */ = {isa = PBXFileReference; lastKnownFileType = sourcecode.swift; path = MainListKind.swift; sourceTree = "<group>"; };
		159667DE2F864A6F0033410A /* PeopleListView.swift */ = {isa = PBXFileReference; lastKnownFileType = sourcecode.swift; path = PeopleListView.swift; sourceTree = "<group>"; };
		159667EB2F8651EA0033410A /* AnimeListViewModel.swift */ = {isa = PBXFileReference; lastKnownFileType = sourcecode.swift; path = AnimeListViewModel.swift; sourceTree = "<group>"; };
		159667ED2F8651FC0033410A /* MainCategoryListService.swift */ = {isa = PBXFileReference; lastKnownFileType = sourcecode.swift; path = MainCategoryListService.swift; sourceTree = "<group>"; };
		159667EF2F8652B90033410A /* AnimeListModel.swift */ = {isa = PBXFileReference; lastKnownFileType = sourcecode.swift; path = AnimeListModel.swift; sourceTree = "<group>"; };
		159667F12F8659AD0033410A /* PosterTextGradientOverlayView.swift */ = {isa = PBXFileReference; lastKnownFileType = sourcecode.swift; path = PosterTextGradientOverlayView.swift; sourceTree = "<group>"; };
		159667F22F8659AD0033410A /* RemotePosterImageView.swift */ = {isa = PBXFileReference; lastKnownFileType = sourcecode.swift; path = RemotePosterImageView.swift; sourceTree = "<group>"; };
		159667FB2F865AC60033410A /* RandomHeroActionButtonsView.swift */ = {isa = PBXFileReference; lastKnownFileType = sourcecode.swift; path = RandomHeroActionButtonsView.swift; sourceTree = "<group>"; };
		159667FC2F865AC60033410A /* RandomHeroCardView.swift */ = {isa = PBXFileReference; lastKnownFileType = sourcecode.swift; path = RandomHeroCardView.swift; sourceTree = "<group>"; };
		159667FD2F865AC60033410A /* RandomHeroSkeletonView.swift */ = {isa = PBXFileReference; lastKnownFileType = sourcecode.swift; path = RandomHeroSkeletonView.swift; sourceTree = "<group>"; };
		159668092F865F720033410A /* RandomHeroErrorView.swift */ = {isa = PBXFileReference; lastKnownFileType = sourcecode.swift; path = RandomHeroErrorView.swift; sourceTree = "<group>"; };
		1596680A2F865F720033410A /* RandomHeroSectionView.swift */ = {isa = PBXFileReference; lastKnownFileType = sourcecode.swift; path = RandomHeroSectionView.swift; sourceTree = "<group>"; };
		15A295442F86297D0056071F /* AppLogger.swift */ = {isa = PBXFileReference; lastKnownFileType = sourcecode.swift; path = AppLogger.swift; sourceTree = "<group>"; };
		15A295552F86302A0056071F /* MainCategoryListView.swift */ = {isa = PBXFileReference; lastKnownFileType = sourcecode.swift; path = MainCategoryListView.swift; sourceTree = "<group>"; };
		15A2955F2F8631D60056071F /* MainCategoryListViewModel.swift */ = {isa = PBXFileReference; lastKnownFileType = sourcecode.swift; path = MainCategoryListViewModel.swift; sourceTree = "<group>"; };
		15A295622F8631F00056071F /* MainCategoryListModel.swift */ = {isa = PBXFileReference; lastKnownFileType = sourcecode.swift; path = MainCategoryListModel.swift; sourceTree = "<group>"; };
		15A80E3F2F7E560600DDB201 /* MainSearchView.swift */ = {isa = PBXFileReference; lastKnownFileType = sourcecode.swift; path = MainSearchView.swift; sourceTree = "<group>"; };
		15A80E462F7E5EDD00DDB201 /* MainSearchViewModel.swift */ = {isa = PBXFileReference; lastKnownFileType = sourcecode.swift; path = MainSearchViewModel.swift; sourceTree = "<group>"; };
		15A80E482F7E5EE800DDB201 /* MainSearchModel.swift */ = {isa = PBXFileReference; lastKnownFileType = sourcecode.swift; path = MainSearchModel.swift; sourceTree = "<group>"; };
		15A80E4A2F7E5EF800DDB201 /* MainSearchService.swift */ = {isa = PBXFileReference; lastKnownFileType = sourcecode.swift; path = MainSearchService.swift; sourceTree = "<group>"; };
		15A8C0102F7E0E0100E20001 /* MangaReviewView.swift */ = {isa = PBXFileReference; lastKnownFileType = sourcecode.swift; path = MangaReviewView.swift; sourceTree = "<group>"; };
		15A8C0122F7E0E0100E20003 /* MangaReviewModel.swift */ = {isa = PBXFileReference; lastKnownFileType = sourcecode.swift; path = MangaReviewModel.swift; sourceTree = "<group>"; };
		15A8C0142F7E0E0100E20005 /* MangaReviewService.swift */ = {isa = PBXFileReference; lastKnownFileType = sourcecode.swift; path = MangaReviewService.swift; sourceTree = "<group>"; };
		15A8C0162F7E0E0100E20007 /* MangaReviewViewModel.swift */ = {isa = PBXFileReference; lastKnownFileType = sourcecode.swift; path = MangaReviewViewModel.swift; sourceTree = "<group>"; };
		15A8C0182F7E0E0100E20009 /* MangaReviewViewModel+Presentation.swift */ = {isa = PBXFileReference; lastKnownFileType = sourcecode.swift; path = "MangaReviewViewModel+Presentation.swift"; sourceTree = "<group>"; };
		15A8C01A2F7E0E0100E2000B /* MangaReviewListView.swift */ = {isa = PBXFileReference; lastKnownFileType = sourcecode.swift; path = MangaReviewListView.swift; sourceTree = "<group>"; };
		15A8C01C2F7E0E0100E2000D /* MangaReviewRowView.swift */ = {isa = PBXFileReference; lastKnownFileType = sourcecode.swift; path = MangaReviewRowView.swift; sourceTree = "<group>"; };
		15A8C01E2F7E0E0100E2000F /* MangaReviewRowHeaderView.swift */ = {isa = PBXFileReference; lastKnownFileType = sourcecode.swift; path = MangaReviewRowHeaderView.swift; sourceTree = "<group>"; };
		15A8C0202F7E0E0100E20011 /* MangaReviewRowBadgesView.swift */ = {isa = PBXFileReference; lastKnownFileType = sourcecode.swift; path = MangaReviewRowBadgesView.swift; sourceTree = "<group>"; };
		15A8C0222F7E0E0100E20013 /* MangaReviewSkeletonViews.swift */ = {isa = PBXFileReference; lastKnownFileType = sourcecode.swift; path = MangaReviewSkeletonViews.swift; sourceTree = "<group>"; };
		15ADSK012F7C700100E37E01 /* AnimeDetailSectionSkeletonViews.swift */ = {isa = PBXFileReference; lastKnownFileType = sourcecode.swift; path = AnimeDetailSectionSkeletonViews.swift; sourceTree = "<group>"; };
		15B80E642F8E100100DDB201 /* MainSearchResultsContentView.swift */ = {isa = PBXFileReference; lastKnownFileType = sourcecode.swift; path = MainSearchResultsContentView.swift; sourceTree = "<group>"; };
		15B80E652F8E100200DDB201 /* MainSearchListSkeletonView.swift */ = {isa = PBXFileReference; lastKnownFileType = sourcecode.swift; path = MainSearchListSkeletonView.swift; sourceTree = "<group>"; };
		15B80E662F8E100300DDB201 /* MainSearchResultRowView.swift */ = {isa = PBXFileReference; lastKnownFileType = sourcecode.swift; path = MainSearchResultRowView.swift; sourceTree = "<group>"; };
		15C80E712F8E200100DDB201 /* PageWebView.swift */ = {isa = PBXFileReference; lastKnownFileType = sourcecode.swift; path = PageWebView.swift; sourceTree = "<group>"; };
		15C80E732F8E200200DDB201 /* NavigationWebPageView.swift */ = {isa = PBXFileReference; lastKnownFileType = sourcecode.swift; path = NavigationWebPageView.swift; sourceTree = "<group>"; };
		15CF35702F8100D900384C5C /* CapsuleTagScrollView.swift */ = {isa = PBXFileReference; lastKnownFileType = sourcecode.swift; path = CapsuleTagScrollView.swift; sourceTree = "<group>"; };
		15D4MD002F7C50000E37C00 /* MangaDetailViewModel+Presentation.swift */ = {isa = PBXFileReference; lastKnownFileType = sourcecode.swift; path = "MangaDetailViewModel+Presentation.swift"; sourceTree = "<group>"; };
		15D4MD022F7C50200E37C02 /* MangaDetailHeaderSectionView.swift */ = {isa = PBXFileReference; lastKnownFileType = sourcecode.swift; path = MangaDetailHeaderSectionView.swift; sourceTree = "<group>"; };
		15D4MD042F7C50400E37C04 /* MangaDetailHighlightsSectionView.swift */ = {isa = PBXFileReference; lastKnownFileType = sourcecode.swift; path = MangaDetailHighlightsSectionView.swift; sourceTree = "<group>"; };
		15D4MD082F7C50800E37C08 /* MangaDetailScoreSectionView.swift */ = {isa = PBXFileReference; lastKnownFileType = sourcecode.swift; path = MangaDetailScoreSectionView.swift; sourceTree = "<group>"; };
		15D4MD0A2F7C50A00E37C0A /* MangaDetailSynopsisSectionView.swift */ = {isa = PBXFileReference; lastKnownFileType = sourcecode.swift; path = MangaDetailSynopsisSectionView.swift; sourceTree = "<group>"; };
		15D4MD0C2F7C50C00E37C0C /* MangaDetailPublicationSectionView.swift */ = {isa = PBXFileReference; lastKnownFileType = sourcecode.swift; path = MangaDetailPublicationSectionView.swift; sourceTree = "<group>"; };
		15D4SK012F7C600100E37D01 /* MangaDetailSectionSkeletonViews.swift */ = {isa = PBXFileReference; lastKnownFileType = sourcecode.swift; path = MangaDetailSectionSkeletonViews.swift; sourceTree = "<group>"; };
		15D80E992F8E301400DDB201 /* MainSearchRouter.swift */ = {isa = PBXFileReference; lastKnownFileType = sourcecode.swift; path = MainSearchRouter.swift; sourceTree = "<group>"; };
		15DE55902F723A1700B292AD /* WYJikanApp.app */ = {isa = PBXFileReference; explicitFileType = wrapper.application; includeInIndex = 0; path = WYJikanApp.app; sourceTree = BUILT_PRODUCTS_DIR; };
		15DE55A52F723C0000B292AD /* JikanAPIService.swift */ = {isa = PBXFileReference; lastKnownFileType = sourcecode.swift; path = JikanAPIService.swift; sourceTree = "<group>"; };
		15DE55B62F723F2800B292AD /* APIConfig.swift */ = {isa = PBXFileReference; lastKnownFileType = sourcecode.swift; path = APIConfig.swift; sourceTree = "<group>"; };
		15FC4F392F73E7340054153E /* HeroBannerView.swift */ = {isa = PBXFileReference; lastKnownFileType = sourcecode.swift; path = HeroBannerView.swift; sourceTree = "<group>"; };
		15FC4F3B2F73E7520054153E /* HeroBannerModel.swift */ = {isa = PBXFileReference; lastKnownFileType = sourcecode.swift; path = HeroBannerModel.swift; sourceTree = "<group>"; };
		15FC4F3D2F73E7620054153E /* HeroBannerViewModel.swift */ = {isa = PBXFileReference; lastKnownFileType = sourcecode.swift; path = HeroBannerViewModel.swift; sourceTree = "<group>"; };
		15FC4F402F73EB7B0054153E /* MainHomeService.swift */ = {isa = PBXFileReference; lastKnownFileType = sourcecode.swift; path = MainHomeService.swift; sourceTree = "<group>"; };
		15FC4F442F74C7CF0054153E /* ErrorMessageView.swift */ = {isa = PBXFileReference; lastKnownFileType = sourcecode.swift; path = ErrorMessageView.swift; sourceTree = "<group>"; };
		15FC4F462F74DF4D0054153E /* HeroBannerImageView.swift */ = {isa = PBXFileReference; lastKnownFileType = sourcecode.swift; path = HeroBannerImageView.swift; sourceTree = "<group>"; };
		15FC4F4A2F74E52B0054153E /* BannerSkeletonView.swift */ = {isa = PBXFileReference; lastKnownFileType = sourcecode.swift; path = BannerSkeletonView.swift; sourceTree = "<group>"; };
		15FC4F4E2F74E6440054153E /* ShimmerView.swift */ = {isa = PBXFileReference; lastKnownFileType = sourcecode.swift; path = ShimmerView.swift; sourceTree = "<group>"; };
		15FC4F512F7507300054153E /* HomeTrendingAnimeView.swift */ = {isa = PBXFileReference; lastKnownFileType = sourcecode.swift; path = HomeTrendingAnimeView.swift; sourceTree = "<group>"; };
		15FC4F532F75077C0054153E /* HomeTrendingAnimeModel.swift */ = {isa = PBXFileReference; lastKnownFileType = sourcecode.swift; path = HomeTrendingAnimeModel.swift; sourceTree = "<group>"; };
		15FC4F552F7507910054153E /* HomeTrendingAnimeViewModel.swift */ = {isa = PBXFileReference; lastKnownFileType = sourcecode.swift; path = HomeTrendingAnimeViewModel.swift; sourceTree = "<group>"; };
		15FC4F592F750B760054153E /* UIColorExtension.swift */ = {isa = PBXFileReference; lastKnownFileType = sourcecode.swift; path = UIColorExtension.swift; sourceTree = "<group>"; };
		15FC4F5E2F750C0B0054153E /* ThemeColor.swift */ = {isa = PBXFileReference; lastKnownFileType = sourcecode.swift; path = ThemeColor.swift; sourceTree = "<group>"; };
		15FC4F6D2F752C250054153E /* HomeTrendingMangaView.swift */ = {isa = PBXFileReference; lastKnownFileType = sourcecode.swift; path = HomeTrendingMangaView.swift; sourceTree = "<group>"; };
		15FC4F712F752CAB0054153E /* HomeTrendingMangaModel.swift */ = {isa = PBXFileReference; lastKnownFileType = sourcecode.swift; path = HomeTrendingMangaModel.swift; sourceTree = "<group>"; };
		15FC4F732F752CB60054153E /* HomeTrendingMangaViewModel.swift */ = {isa = PBXFileReference; lastKnownFileType = sourcecode.swift; path = HomeTrendingMangaViewModel.swift; sourceTree = "<group>"; };
		15FCF8872F73C28B0054153E /* MainHomeView.swift */ = {isa = PBXFileReference; lastKnownFileType = sourcecode.swift; path = MainHomeView.swift; sourceTree = "<group>"; };
		15FF295C2F76332700D3241C /* AnimeDetailView.swift */ = {isa = PBXFileReference; lastKnownFileType = sourcecode.swift; path = AnimeDetailView.swift; sourceTree = "<group>"; };
		15FF29622F76351700D3241C /* PosterCardView.swift */ = {isa = PBXFileReference; lastKnownFileType = sourcecode.swift; path = PosterCardView.swift; sourceTree = "<group>"; };
		15FF29672F763B3100D3241C /* AnimeDetailModel.swift */ = {isa = PBXFileReference; lastKnownFileType = sourcecode.swift; path = AnimeDetailModel.swift; sourceTree = "<group>"; };
		15FF296A2F763B4300D3241C /* AnimeDetailViewModel.swift */ = {isa = PBXFileReference; lastKnownFileType = sourcecode.swift; path = AnimeDetailViewModel.swift; sourceTree = "<group>"; };
		15FF296C2F763B4C00D3241C /* AnimeDetailService.swift */ = {isa = PBXFileReference; lastKnownFileType = sourcecode.swift; path = AnimeDetailService.swift; sourceTree = "<group>"; };
		15FF80132F7653E200D3241C /* MainHomeRouter.swift */ = {isa = PBXFileReference; lastKnownFileType = sourcecode.swift; path = MainHomeRouter.swift; sourceTree = "<group>"; };
		15FF80162F76575F00D3241C /* HeroBannerSlideView.swift */ = {isa = PBXFileReference; lastKnownFileType = sourcecode.swift; path = HeroBannerSlideView.swift; sourceTree = "<group>"; };
		15FF80182F765C9500D3241C /* AnimeDetailBasicInfoSectionView.swift */ = {isa = PBXFileReference; lastKnownFileType = sourcecode.swift; path = AnimeDetailBasicInfoSectionView.swift; sourceTree = "<group>"; };
		15FF801A2F765C9500D3241C /* AnimeDetailHeaderSectionView.swift */ = {isa = PBXFileReference; lastKnownFileType = sourcecode.swift; path = AnimeDetailHeaderSectionView.swift; sourceTree = "<group>"; };
		15FF801B2F765C9500D3241C /* AnimeDetailScoreSectionView.swift */ = {isa = PBXFileReference; lastKnownFileType = sourcecode.swift; path = AnimeDetailScoreSectionView.swift; sourceTree = "<group>"; };
		15FF801C2F765C9500D3241C /* AnimeDetailSectionComponents.swift */ = {isa = PBXFileReference; lastKnownFileType = sourcecode.swift; path = AnimeDetailSectionComponents.swift; sourceTree = "<group>"; };
		15FF801D2F765C9500D3241C /* AnimeDetailStaffSectionView.swift */ = {isa = PBXFileReference; lastKnownFileType = sourcecode.swift; path = AnimeDetailStaffSectionView.swift; sourceTree = "<group>"; };
		15FF801E2F765C9500D3241C /* AnimeDetailSynopsisSectionView.swift */ = {isa = PBXFileReference; lastKnownFileType = sourcecode.swift; path = AnimeDetailSynopsisSectionView.swift; sourceTree = "<group>"; };
		15FF80282F7662A100D3241C /* AnimeDetailHighlightsSectionView.swift */ = {isa = PBXFileReference; lastKnownFileType = sourcecode.swift; path = AnimeDetailHighlightsSectionView.swift; sourceTree = "<group>"; };
		15MAL012F7F2000100MAL01 /* MALWorkPageOpenButton.swift */ = {isa = PBXFileReference; lastKnownFileType = sourcecode.swift; path = MALWorkPageOpenButton.swift; sourceTree = "<group>"; };
/* End PBXFileReference section */

/* Begin PBXFileSystemSynchronizedRootGroup section */
		15DE55922F723A1700B292AD /* WYJikanApp */ = {
			isa = PBXFileSystemSynchronizedRootGroup;
			path = WYJikanApp;
			sourceTree = "<group>";
		};
/* End PBXFileSystemSynchronizedRootGroup section */

/* Begin PBXFrameworksBuildPhase section */
		15DE558D2F723A1700B292AD /* Frameworks */ = {
			isa = PBXFrameworksBuildPhase;
			buildActionMask = 2147483647;
			files = (
				15DE55A02F723A9C00B292AD /* SDWebImageSwiftUI in Frameworks */,
			);
			runOnlyForDeploymentPostprocessing = 0;
		};
/* End PBXFrameworksBuildPhase section */

/* Begin PBXGroup section */
		15134BB62F7269BD002DBB76 /* MainTabBar */ = {
			isa = PBXGroup;
			children = (
				157561A52F728F7A0037E8A5 /* ViewModel */,
				15750AF12F7282AE0037E8A5 /* View */,
			);
			path = MainTabBar;
			sourceTree = "<group>";
		};
		155399782F7C188F0028BD24 /* MangaDetail */ = {
			isa = PBXGroup;
			children = (
				159042102F7C1BA4000339B2 /* Services */,
				1590420F2F7C1B9F000339B2 /* Model */,
				1590420E2F7C1B94000339B2 /* ViewModel */,
				155399792F7C18A50028BD24 /* View */,
			);
			path = MangaDetail;
			sourceTree = "<group>";
		};
		155399792F7C18A50028BD24 /* View */ = {
			isa = PBXGroup;
			children = (
				15A8B72B2F7E0F1600DDB201 /* MainView */,
				15D4SEC12F7C51100E37C11 /* Section */,
			);
			path = View;
			sourceTree = "<group>";
		};
		1555A23F2F7B987600501496 /* MainView */ = {
			isa = PBXGroup;
			children = (
				15FF295C2F76332700D3241C /* AnimeDetailView.swift */,
			);
			path = MainView;
			sourceTree = "<group>";
		};
		1555A2402F7B988600501496 /* MainViewModel */ = {
			isa = PBXGroup;
			children = (
				15FF296A2F763B4300D3241C /* AnimeDetailViewModel.swift */,
			);
			path = MainViewModel;
			sourceTree = "<group>";
		};
		155A9C032F782C2200F1E4F0 /* SkeletonBar */ = {
			isa = PBXGroup;
			children = (
				155A9BF52F782B1100E9E3E0 /* SkeletonBar.swift */,
			);
			path = SkeletonBar;
			sourceTree = "<group>";
		};
		155A9C042F782C2200F1E4F0 /* SectionCardSkeleton */ = {
			isa = PBXGroup;
			children = (
				155A9C012F782C2200F1E4F0 /* SectionCardSkeleton.swift */,
			);
			path = SectionCardSkeleton;
			sourceTree = "<group>";
		};
		1572FE0B2F762E7600756CBA /* TodayAnime */ = {
			isa = PBXGroup;
			children = (
				1572FE082F762DE300756CBA /* HomeTodayAnimeView.swift */,
			);
			path = TodayAnime;
			sourceTree = "<group>";
		};
		1574EC372F7BCB1300E37AE8 /* AnimeReview */ = {
			isa = PBXGroup;
			children = (
				1574EC3B2F7BCB3700E37AE8 /* Service */,
				1574EC3A2F7BCB3300E37AE8 /* Model */,
				1574EC392F7BCB2D00E37AE8 /* ViewModel */,
				1574EC382F7BCB2400E37AE8 /* View */,
			);
			path = AnimeReview;
			sourceTree = "<group>";
		};
		1574EC382F7BCB2400E37AE8 /* View */ = {
			isa = PBXGroup;
			children = (
				1574EC692F7BCF0900E37AE8 /* SubView */,
				1574EC682F7BCEFF00E37AE8 /* MainView */,
			);
			path = View;
			sourceTree = "<group>";
		};
		1574EC392F7BCB2D00E37AE8 /* ViewModel */ = {
			isa = PBXGroup;
			children = (
				1574EC3E2F7BCB6900E37AE8 /* AnimeReviewViewModel.swift */,
				1574EC552F7BCC9000E37AE8 /* AnimeReviewViewModel+Presentation.swift */,
			);
			path = ViewModel;
			sourceTree = "<group>";
		};
		1574EC3A2F7BCB3300E37AE8 /* Model */ = {
			isa = PBXGroup;
			children = (
				1574EC402F7BCB7800E37AE8 /* AnimeReviewModel.swift */,
			);
			path = Model;
			sourceTree = "<group>";
		};
		1574EC3B2F7BCB3700E37AE8 /* Service */ = {
			isa = PBXGroup;
			children = (
				1574EC422F7BCB8800E37AE8 /* AnimeReviewService.swift */,
			);
			path = Service;
			sourceTree = "<group>";
		};
		1574EC682F7BCEFF00E37AE8 /* MainView */ = {
			isa = PBXGroup;
			children = (
				1574EC3C2F7BCB5300E37AE8 /* AnimeReviewView.swift */,
			);
			path = MainView;
			sourceTree = "<group>";
		};
		1574EC692F7BCF0900E37AE8 /* SubView */ = {
			isa = PBXGroup;
			children = (
				155399762F7C14220028BD24 /* AnimeReviewEmptyStateView.swift */,
				155399742F7C0F5B0028BD24 /* AnimeReviewSkeletonViews.swift */,
				1574EC4A2F7BCBE000E37AE8 /* AnimeReviewListView.swift */,
				1574EC4B2F7BCBF000E37AE8 /* AnimeReviewRowView.swift */,
				1574EC742F7BCDC000E37AE8 /* AnimeReviewRowHeaderView.swift */,
				1574EC762F7BCDE000E37AE8 /* AnimeReviewRowBadgesView.swift */,
				1574EC782F7BCE0000E37AE8 /* AnimeReviewRowTagsView.swift */,
			);
			path = SubView;
			sourceTree = "<group>";
		};
		15750AF12F7282AE0037E8A5 /* View */ = {
			isa = PBXGroup;
			children = (
				15750AF22F7282C70037E8A5 /* MainTabBarView.swift */,
			);
			path = View;
			sourceTree = "<group>";
		};
		15750AFD2F7285340037E8A5 /* Placeholders */ = {
			isa = PBXGroup;
			children = (
				15750AFE2F7285520037E8A5 /* PlaceholderView.swift */,
			);
			path = Placeholders;
			sourceTree = "<group>";
		};
		157561A52F728F7A0037E8A5 /* ViewModel */ = {
			isa = PBXGroup;
			children = (
				157561A62F728F8B0037E8A5 /* MainTabBarViewModel.swift */,
			);
			path = ViewModel;
			sourceTree = "<group>";
		};
		1576E4242F7B82680082CD46 /* WebView */ = {
			isa = PBXGroup;
			children = (
				1576E4232F7B82680082CD46 /* YouTubeEmbedWebView.swift */,
				15C80E712F8E200100DDB201 /* PageWebView.swift */,
				15C80E732F8E200200DDB201 /* NavigationWebPageView.swift */,
			);
			path = WebView;
			sourceTree = "<group>";
		};
		1585971E2F7B614A00B0BDA1 /* Formatting */ = {
			isa = PBXGroup;
			children = (
				1555A23D2F7B978800501496 /* AnimeDetailDateFormatting.swift */,
				1555A2372F7B94F300501496 /* AnimeDetailMediaKind.swift */,
				1585971D2F7B614A00B0BDA1 /* AnimeDetailSeasonFormatting.swift */,
			);
			path = Formatting;
			sourceTree = "<group>";
		};
		158597212F7B661F00B0BDA1 /* Presentation */ = {
			isa = PBXGroup;
			children = (
				1555A2392F7B951000501496 /* AnimeDetailViewModel+DisplayPolicy.swift */,
				1585971A2F7B614200B0BDA1 /* AnimeDetailViewModel+Presentation.swift */,
			);
			path = Presentation;
			sourceTree = "<group>";
		};
		1590420E2F7C1B94000339B2 /* ViewModel */ = {
			isa = PBXGroup;
			children = (
				15D4MD002F7C50000E37C00 /* MangaDetailViewModel+Presentation.swift */,
				1574ECA82F7CB30100E37AE8 /* MangaDetailViewModel.swift */,
			);
			path = ViewModel;
			sourceTree = "<group>";
		};
		1590420F2F7C1B9F000339B2 /* Model */ = {
			isa = PBXGroup;
			children = (
				1574ECA62F7CB2F100E37AE8 /* MangaDetailModel.swift */,
			);
			path = Model;
			sourceTree = "<group>";
		};
		159042102F7C1BA4000339B2 /* Services */ = {
			isa = PBXGroup;
			children = (
				1574ECAA2F7CB30F00E37AE8 /* MangaDetailService.swift */,
			);
			path = Services;
			sourceTree = "<group>";
		};
		159667D12F8645D90033410A /* MainMVVM */ = {
			isa = PBXGroup;
			children = (
				15A2955E2F8631B50056071F /* Model */,
				15A2955D2F8631AD0056071F /* ViewModel */,
				15A295542F86301C0056071F /* View */,
			);
			path = MainMVVM;
			sourceTree = "<group>";
		};
		159667DF2F864A6F0033410A /* PeopleList */ = {
			isa = PBXGroup;
			children = (
				159667DE2F864A6F0033410A /* PeopleListView.swift */,
			);
			path = PeopleList;
			sourceTree = "<group>";
		};
		159667E22F864AE40033410A /* AnimeList */ = {
			isa = PBXGroup;
			children = (
				159667F82F865A240033410A /* ViewModel */,
				159667F72F865A1F0033410A /* Model */,
				159667F62F865A190033410A /* View */,
			);
			path = AnimeList;
			sourceTree = "<group>";
		};
		159667EA2F86516D0033410A /* Services */ = {
			isa = PBXGroup;
			children = (
				159667ED2F8651FC0033410A /* MainCategoryListService.swift */,
			);
			path = Services;
			sourceTree = "<group>";
		};
		159667F32F8659AD0033410A /* PosterImage */ = {
			isa = PBXGroup;
			children = (
				159667F12F8659AD0033410A /* PosterTextGradientOverlayView.swift */,
				159667F22F8659AD0033410A /* RemotePosterImageView.swift */,
			);
			path = PosterImage;
			sourceTree = "<group>";
		};
		159667F62F865A190033410A /* View */ = {
			isa = PBXGroup;
			children = (
				159667FA2F865A3C0033410A /* SubView */,
				159667F92F865A340033410A /* MainView */,
			);
			path = View;
			sourceTree = "<group>";
		};
		159667F72F865A1F0033410A /* Model */ = {
			isa = PBXGroup;
			children = (
				159667EF2F8652B90033410A /* AnimeListModel.swift */,
			);
			path = Model;
			sourceTree = "<group>";
		};
		159667F82F865A240033410A /* ViewModel */ = {
			isa = PBXGroup;
			children = (
				159667EB2F8651EA0033410A /* AnimeListViewModel.swift */,
			);
			path = ViewModel;
			sourceTree = "<group>";
		};
		159667F92F865A340033410A /* MainView */ = {
			isa = PBXGroup;
			children = (
				159667BE2F8632AC0033410A /* AnimeListView.swift */,
			);
			path = MainView;
			sourceTree = "<group>";
		};
		159667FA2F865A3C0033410A /* SubView */ = {
			isa = PBXGroup;
			children = (
				159668082F865C960033410A /* RandomHero */,
			);
			path = SubView;
			sourceTree = "<group>";
		};
		159668082F865C960033410A /* RandomHero */ = {
			isa = PBXGroup;
			children = (
				159668092F865F720033410A /* RandomHeroErrorView.swift */,
				1596680A2F865F720033410A /* RandomHeroSectionView.swift */,
				159667FB2F865AC60033410A /* RandomHeroActionButtonsView.swift */,
				159667FC2F865AC60033410A /* RandomHeroCardView.swift */,
				159667FD2F865AC60033410A /* RandomHeroSkeletonView.swift */,
			);
			path = RandomHero;
			sourceTree = "<group>";
		};
		15A295462F86297D0056071F /* Logging */ = {
			isa = PBXGroup;
			children = (
				15A295442F86297D0056071F /* AppLogger.swift */,
			);
			path = Logging;
			sourceTree = "<group>";
		};
		15A295532F86300F0056071F /* MainCategoryList */ = {
			isa = PBXGroup;
			children = (
				159667EA2F86516D0033410A /* Services */,
				159667E22F864AE40033410A /* AnimeList */,
				15A2955B2F8631470056071F /* CharacterList */,
				159667D12F8645D90033410A /* MainMVVM */,
				15A2955A2F86313B0056071F /* MangaList */,
				159667DF2F864A6F0033410A /* PeopleList */,
			);
			path = MainCategoryList;
			sourceTree = "<group>";
		};
		15A295542F86301C0056071F /* View */ = {
			isa = PBXGroup;
			children = (
				15A295582F8630810056071F /* SubView */,
				15A295572F8630720056071F /* MainView */,
			);
			path = View;
			sourceTree = "<group>";
		};
		15A295572F8630720056071F /* MainView */ = {
			isa = PBXGroup;
			children = (
				15A295552F86302A0056071F /* MainCategoryListView.swift */,
			);
			path = MainView;
			sourceTree = "<group>";
		};
		15A295582F8630810056071F /* SubView */ = {
			isa = PBXGroup;
			children = (
			);
			path = SubView;
			sourceTree = "<group>";
		};
		15A2955A2F86313B0056071F /* MangaList */ = {
			isa = PBXGroup;
			children = (
				159667C02F8632B70033410A /* MangaListView.swift */,
			);
			path = MangaList;
			sourceTree = "<group>";
		};
		15A2955B2F8631470056071F /* CharacterList */ = {
			isa = PBXGroup;
			children = (
				159667C42F8632DC0033410A /* CharacterListView.swift */,
			);
			path = CharacterList;
			sourceTree = "<group>";
		};
		15A2955D2F8631AD0056071F /* ViewModel */ = {
			isa = PBXGroup;
			children = (
				15A2955F2F8631D60056071F /* MainCategoryListViewModel.swift */,
			);
			path = ViewModel;
			sourceTree = "<group>";
		};
		15A2955E2F8631B50056071F /* Model */ = {
			isa = PBXGroup;
			children = (
				159667C92F8634440033410A /* MainListKind.swift */,
				15A295622F8631F00056071F /* MainCategoryListModel.swift */,
			);
			path = Model;
			sourceTree = "<group>";
		};
		15A80E3D2F7E55DF00DDB201 /* MainSearch */ = {
			isa = PBXGroup;
			children = (
				15A80E432F7E561F00DDB201 /* Services */,
				15A80E422F7E561A00DDB201 /* Model */,
				15A80E412F7E560A00DDB201 /* ViewModel */,
				15A80E3E2F7E55F600DDB201 /* View */,
			);
			path = MainSearch;
			sourceTree = "<group>";
		};
		15A80E3E2F7E55F600DDB201 /* View */ = {
			isa = PBXGroup;
			children = (
				15B80E682F8E100500DDB201 /* MainView */,
				15B80E692F8E100600DDB201 /* Section */,
				15B80E6A2F8E100700DDB201 /* Skeleton */,
				15B80E6B2F8E100800DDB201 /* SubView */,
			);
			path = View;
			sourceTree = "<group>";
		};
		15A80E412F7E560A00DDB201 /* ViewModel */ = {
			isa = PBXGroup;
			children = (
				15CF35FD2F81576C00384C5C /* MainViewModel */,
				15D80E9A2F8E301500DDB201 /* Router */,
			);
			path = ViewModel;
			sourceTree = "<group>";
		};
		15A80E422F7E561A00DDB201 /* Model */ = {
			isa = PBXGroup;
			children = (
				15A80E482F7E5EE800DDB201 /* MainSearchModel.swift */,
			);
			path = Model;
			sourceTree = "<group>";
		};
		15A80E432F7E561F00DDB201 /* Services */ = {
			isa = PBXGroup;
			children = (
				15A80E4A2F7E5EF800DDB201 /* MainSearchService.swift */,
			);
			path = Services;
			sourceTree = "<group>";
		};
		15A8B70A2F7E0B2E00DDB201 /* MangaReview */ = {
			isa = PBXGroup;
			children = (
				15A8B70E2F7E0B4500DDB201 /* Services */,
				15A8B70D2F7E0B4000DDB201 /* ViewModel */,
				15A8B70C2F7E0B3B00DDB201 /* Model */,
				15A8B70B2F7E0B3700DDB201 /* View */,
			);
			path = MangaReview;
			sourceTree = "<group>";
		};
		15A8B70B2F7E0B3700DDB201 /* View */ = {
			isa = PBXGroup;
			children = (
				15A8C0252F7E0E0100E20016 /* SubView */,
				15A8C0242F7E0E0100E20015 /* MainView */,
			);
			path = View;
			sourceTree = "<group>";
		};
		15A8B70C2F7E0B3B00DDB201 /* Model */ = {
			isa = PBXGroup;
			children = (
				15A8C0122F7E0E0100E20003 /* MangaReviewModel.swift */,
			);
			path = Model;
			sourceTree = "<group>";
		};
		15A8B70D2F7E0B4000DDB201 /* ViewModel */ = {
			isa = PBXGroup;
			children = (
				15A8C0162F7E0E0100E20007 /* MangaReviewViewModel.swift */,
				15A8C0182F7E0E0100E20009 /* MangaReviewViewModel+Presentation.swift */,
			);
			path = ViewModel;
			sourceTree = "<group>";
		};
		15A8B70E2F7E0B4500DDB201 /* Services */ = {
			isa = PBXGroup;
			children = (
				15A8C0142F7E0E0100E20005 /* MangaReviewService.swift */,
			);
			path = Services;
			sourceTree = "<group>";
		};
		15A8B7292F7E0D8100DDB201 /* Manga */ = {
			isa = PBXGroup;
			children = (
				15A8B70A2F7E0B2E00DDB201 /* MangaReview */,
				155399782F7C188F0028BD24 /* MangaDetail */,
			);
			path = Manga;
			sourceTree = "<group>";
		};
		15A8B72A2F7E0D8D00DDB201 /* Anime */ = {
			isa = PBXGroup;
			children = (
				1574EC372F7BCB1300E37AE8 /* AnimeReview */,
				15FF29582F7632FE00D3241C /* AnimeDetail */,
			);
			path = Anime;
			sourceTree = "<group>";
		};
		15A8B72B2F7E0F1600DDB201 /* MainView */ = {
			isa = PBXGroup;
			children = (
				1553997A2F7C18BD0028BD24 /* MangaDetailView.swift */,
			);
			path = MainView;
			sourceTree = "<group>";
		};
		15A8C0242F7E0E0100E20015 /* MainView */ = {
			isa = PBXGroup;
			children = (
				15A8C0102F7E0E0100E20001 /* MangaReviewView.swift */,
			);
			path = MainView;
			sourceTree = "<group>";
		};
		15A8C0252F7E0E0100E20016 /* SubView */ = {
			isa = PBXGroup;
			children = (
				15A8C0222F7E0E0100E20013 /* MangaReviewSkeletonViews.swift */,
				15A8C01A2F7E0E0100E2000B /* MangaReviewListView.swift */,
				15A8C01C2F7E0E0100E2000D /* MangaReviewRowView.swift */,
				15A8C01E2F7E0E0100E2000F /* MangaReviewRowHeaderView.swift */,
				15A8C0202F7E0E0100E20011 /* MangaReviewRowBadgesView.swift */,
			);
			path = SubView;
			sourceTree = "<group>";
		};
		15B80E682F8E100500DDB201 /* MainView */ = {
			isa = PBXGroup;
			children = (
				15A80E3F2F7E560600DDB201 /* MainSearchView.swift */,
			);
			path = MainView;
			sourceTree = "<group>";
		};
		15B80E692F8E100600DDB201 /* Section */ = {
			isa = PBXGroup;
			children = (
				15B80E642F8E100100DDB201 /* MainSearchResultsContentView.swift */,
			);
			path = Section;
			sourceTree = "<group>";
		};
		15B80E6A2F8E100700DDB201 /* Skeleton */ = {
			isa = PBXGroup;
			children = (
				15B80E652F8E100200DDB201 /* MainSearchListSkeletonView.swift */,
			);
			path = Skeleton;
			sourceTree = "<group>";
		};
		15B80E6B2F8E100800DDB201 /* SubView */ = {
			isa = PBXGroup;
			children = (
				15B80E662F8E100300DDB201 /* MainSearchResultRowView.swift */,
			);
			path = SubView;
			sourceTree = "<group>";
		};
		15CF35712F8100D900384C5C /* CapsuleTagScroll */ = {
			isa = PBXGroup;
			children = (
				15CF35702F8100D900384C5C /* CapsuleTagScrollView.swift */,
			);
			path = CapsuleTagScroll;
			sourceTree = "<group>";
		};
		15CF35FD2F81576C00384C5C /* MainViewModel */ = {
			isa = PBXGroup;
			children = (
				15A80E462F7E5EDD00DDB201 /* MainSearchViewModel.swift */,
			);
			path = MainViewModel;
			sourceTree = "<group>";
		};
		15D4SEC12F7C51100E37C11 /* Section */ = {
			isa = PBXGroup;
			children = (
				15D4MD022F7C50200E37C02 /* MangaDetailHeaderSectionView.swift */,
				15D4MD042F7C50400E37C04 /* MangaDetailHighlightsSectionView.swift */,
				15D4MD082F7C50800E37C08 /* MangaDetailScoreSectionView.swift */,
				15D4MD0A2F7C50A00E37C0A /* MangaDetailSynopsisSectionView.swift */,
				15D4MD0C2F7C50C00E37C0C /* MangaDetailPublicationSectionView.swift */,
				15D4SK012F7C600100E37D01 /* MangaDetailSectionSkeletonViews.swift */,
			);
			path = Section;
			sourceTree = "<group>";
		};
		15D80E9A2F8E301500DDB201 /* Router */ = {
			isa = PBXGroup;
			children = (
				15D80E992F8E301400DDB201 /* MainSearchRouter.swift */,
			);
			path = Router;
			sourceTree = "<group>";
		};
		15DE55872F723A1700B292AD = {
			isa = PBXGroup;
			children = (
				15A295532F86300F0056071F /* MainCategoryList */,
				15A8B72A2F7E0D8D00DDB201 /* Anime */,
				15FC4F482F74E4EB0054153E /* Components */,
				15FC4F5C2F750BCD0054153E /* Config */,
				15FC4F572F750B4C0054153E /* Extension */,
				15A295462F86297D0056071F /* Logging */,
				15FCF8832F73C25A0054153E /* MainHome */,
				15A80E3D2F7E55DF00DDB201 /* MainSearch */,
				15134BB62F7269BD002DBB76 /* MainTabBar */,
				15A8B7292F7E0D8100DDB201 /* Manga */,
				15DE55A12F723B4C00B292AD /* Network */,
				15750AFD2F7285340037E8A5 /* Placeholders */,
				15DE55912F723A1700B292AD /* Products */,
				15DE55922F723A1700B292AD /* WYJikanApp */,
			);
			sourceTree = "<group>";
		};
		15DE55912F723A1700B292AD /* Products */ = {
			isa = PBXGroup;
			children = (
				15DE55902F723A1700B292AD /* WYJikanApp.app */,
			);
			name = Products;
			sourceTree = "<group>";
		};
		15DE55A12F723B4C00B292AD /* Network */ = {
			isa = PBXGroup;
			children = (
				15DE55A32F723B6600B292AD /* Service */,
				15DE55A22F723B5700B292AD /* API */,
			);
			path = Network;
			sourceTree = "<group>";
		};
		15DE55A22F723B5700B292AD /* API */ = {
			isa = PBXGroup;
			children = (
				15DE55B62F723F2800B292AD /* APIConfig.swift */,
			);
			path = API;
			sourceTree = "<group>";
		};
		15DE55A32F723B6600B292AD /* Service */ = {
			isa = PBXGroup;
			children = (
				15DE55A52F723C0000B292AD /* JikanAPIService.swift */,
			);
			path = Service;
			sourceTree = "<group>";
		};
		15FC4F342F73E6480054153E /* Model */ = {
			isa = PBXGroup;
			children = (
				1572FE062F762D7700756CBA /* HomeTodayAnimeModel.swift */,
				15FC4F3B2F73E7520054153E /* HeroBannerModel.swift */,
				15FC4F532F75077C0054153E /* HomeTrendingAnimeModel.swift */,
				15FC4F712F752CAB0054153E /* HomeTrendingMangaModel.swift */,
			);
			path = Model;
			sourceTree = "<group>";
		};
		15FC4F352F73E64F0054153E /* ViewModel */ = {
			isa = PBXGroup;
			children = (
				1572FE042F762D7000756CBA /* HomeTodayAnimeViewModel.swift */,
				15FC4F3D2F73E7620054153E /* HeroBannerViewModel.swift */,
				15FC4F552F7507910054153E /* HomeTrendingAnimeViewModel.swift */,
				15FC4F732F752CB60054153E /* HomeTrendingMangaViewModel.swift */,
			);
			path = ViewModel;
			sourceTree = "<group>";
		};
		15FC4F372F73E7090054153E /* MainView */ = {
			isa = PBXGroup;
			children = (
				15FCF8872F73C28B0054153E /* MainHomeView.swift */,
			);
			path = MainView;
			sourceTree = "<group>";
		};
		15FC4F382F73E71E0054153E /* Banner */ = {
			isa = PBXGroup;
			children = (
				15FF80162F76575F00D3241C /* HeroBannerSlideView.swift */,
				15FC4F392F73E7340054153E /* HeroBannerView.swift */,
				15FC4F462F74DF4D0054153E /* HeroBannerImageView.swift */,
			);
			path = Banner;
			sourceTree = "<group>";
		};
		15FC4F3F2F73EAE20054153E /* Service */ = {
			isa = PBXGroup;
			children = (
				15FC4F402F73EB7B0054153E /* MainHomeService.swift */,
			);
			path = Service;
			sourceTree = "<group>";
		};
		15FC4F422F74C79F0054153E /* ErrorMessage */ = {
			isa = PBXGroup;
			children = (
				15FC4F432F74C7B40054153E /* View */,
			);
			path = ErrorMessage;
			sourceTree = "<group>";
		};
		15FC4F432F74C7B40054153E /* View */ = {
			isa = PBXGroup;
			children = (
				15FC4F442F74C7CF0054153E /* ErrorMessageView.swift */,
			);
			path = View;
			sourceTree = "<group>";
		};
		15FC4F482F74E4EB0054153E /* Components */ = {
			isa = PBXGroup;
			children = (
				15CF35712F8100D900384C5C /* CapsuleTagScroll */,
				1576E4242F7B82680082CD46 /* WebView */,
				15FF80272F765D3E00D3241C /* AnimeDetail */,
				15FF29652F76352D00D3241C /* MainHome */,
				15MAL032F7F2000100MAL04 /* OpenMAL */,
				15FC4F492F74E5130054153E /* Skeleton */,
				15FC4F422F74C79F0054153E /* ErrorMessage */,
			);
			path = Components;
			sourceTree = "<group>";
		};
		15FC4F492F74E5130054153E /* Skeleton */ = {
			isa = PBXGroup;
			children = (
				15FC4F4C2F74E6150054153E /* Banner */,
				155A9C042F782C2200F1E4F0 /* SectionCardSkeleton */,
				155A9C032F782C2200F1E4F0 /* SkeletonBar */,
				15FC4F4D2F74E6390054153E /* Shimmer */,
			);
			path = Skeleton;
			sourceTree = "<group>";
		};
		15FC4F4C2F74E6150054153E /* Banner */ = {
			isa = PBXGroup;
			children = (
				15FC4F4A2F74E52B0054153E /* BannerSkeletonView.swift */,
			);
			path = Banner;
			sourceTree = "<group>";
		};
		15FC4F4D2F74E6390054153E /* Shimmer */ = {
			isa = PBXGroup;
			children = (
				15FC4F4E2F74E6440054153E /* ShimmerView.swift */,
			);
			path = Shimmer;
			sourceTree = "<group>";
		};
		15FC4F502F75070C0054153E /* TrendingAnime */ = {
			isa = PBXGroup;
			children = (
				15FC4F512F7507300054153E /* HomeTrendingAnimeView.swift */,
			);
			path = TrendingAnime;
			sourceTree = "<group>";
		};
		15FC4F572F750B4C0054153E /* Extension */ = {
			isa = PBXGroup;
			children = (
				15FC4F582F750B560054153E /* UIColor */,
			);
			path = Extension;
			sourceTree = "<group>";
		};
		15FC4F582F750B560054153E /* UIColor */ = {
			isa = PBXGroup;
			children = (
				15FC4F592F750B760054153E /* UIColorExtension.swift */,
			);
			path = UIColor;
			sourceTree = "<group>";
		};
		15FC4F5C2F750BCD0054153E /* Config */ = {
			isa = PBXGroup;
			children = (
				15FC4F5D2F750BDD0054153E /* Theme */,
			);
			path = Config;
			sourceTree = "<group>";
		};
		15FC4F5D2F750BDD0054153E /* Theme */ = {
			isa = PBXGroup;
			children = (
				15FC4F5E2F750C0B0054153E /* ThemeColor.swift */,
			);
			path = Theme;
			sourceTree = "<group>";
		};
		15FC4F6C2F752BEE0054153E /* TrendingManga */ = {
			isa = PBXGroup;
			children = (
				15FC4F6D2F752C250054153E /* HomeTrendingMangaView.swift */,
			);
			path = TrendingManga;
			sourceTree = "<group>";
		};
		15FCF8832F73C25A0054153E /* MainHome */ = {
			isa = PBXGroup;
			children = (
				15FF80142F7653E200D3241C /* Router */,
				15FC4F3F2F73EAE20054153E /* Service */,
				15FC4F352F73E64F0054153E /* ViewModel */,
				15FC4F342F73E6480054153E /* Model */,
				15FCF8842F73C2660054153E /* View */,
			);
			path = MainHome;
			sourceTree = "<group>";
		};
		15FCF8842F73C2660054153E /* View */ = {
			isa = PBXGroup;
			children = (
				1572FE0B2F762E7600756CBA /* TodayAnime */,
				15FC4F6C2F752BEE0054153E /* TrendingManga */,
				15FC4F502F75070C0054153E /* TrendingAnime */,
				15FC4F382F73E71E0054153E /* Banner */,
				15FC4F372F73E7090054153E /* MainView */,
			);
			path = View;
			sourceTree = "<group>";
		};
		15FF29582F7632FE00D3241C /* AnimeDetail */ = {
			isa = PBXGroup;
			children = (
				15FF29662F763B1900D3241C /* Services */,
				15FF295B2F76331300D3241C /* ViewModel */,
				15FF295A2F76330E00D3241C /* Model */,
				15FF29592F76330900D3241C /* View */,
			);
			path = AnimeDetail;
			sourceTree = "<group>";
		};
		15FF29592F76330900D3241C /* View */ = {
			isa = PBXGroup;
			children = (
				1555A23F2F7B987600501496 /* MainView */,
				15FF801F2F765C9500D3241C /* Section */,
			);
			path = View;
			sourceTree = "<group>";
		};
		15FF295A2F76330E00D3241C /* Model */ = {
			isa = PBXGroup;
			children = (
				1555A2532F7BB38900501496 /* AnimeDetailPicturesModel.swift */,
				15FF29672F763B3100D3241C /* AnimeDetailModel.swift */,
			);
			path = Model;
			sourceTree = "<group>";
		};
		15FF295B2F76331300D3241C /* ViewModel */ = {
			isa = PBXGroup;
			children = (
				1555A2402F7B988600501496 /* MainViewModel */,
				158597212F7B661F00B0BDA1 /* Presentation */,
				1585971E2F7B614A00B0BDA1 /* Formatting */,
			);
			path = ViewModel;
			sourceTree = "<group>";
		};
		15FF29632F76351700D3241C /* PosterCard */ = {
			isa = PBXGroup;
			children = (
				15FF29622F76351700D3241C /* PosterCardView.swift */,
			);
			path = PosterCard;
			sourceTree = "<group>";
		};
		15FF29652F76352D00D3241C /* MainHome */ = {
			isa = PBXGroup;
			children = (
				159667F32F8659AD0033410A /* PosterImage */,
				15FF29632F76351700D3241C /* PosterCard */,
			);
			path = MainHome;
			sourceTree = "<group>";
		};
		15FF29662F763B1900D3241C /* Services */ = {
			isa = PBXGroup;
			children = (
				15FF296C2F763B4C00D3241C /* AnimeDetailService.swift */,
			);
			path = Services;
			sourceTree = "<group>";
		};
		15FF80142F7653E200D3241C /* Router */ = {
			isa = PBXGroup;
			children = (
				15FF80132F7653E200D3241C /* MainHomeRouter.swift */,
			);
			path = Router;
			sourceTree = "<group>";
		};
		15FF801F2F765C9500D3241C /* Section */ = {
			isa = PBXGroup;
			children = (
				1555A2552F7BB39400501496 /* AnimeDetailPicturesSectionView.swift */,
				1576E4212F7B82440082CD46 /* AnimeDetailTrailerSectionView.swift */,
				15FF80182F765C9500D3241C /* AnimeDetailBasicInfoSectionView.swift */,
				15FF801A2F765C9500D3241C /* AnimeDetailHeaderSectionView.swift */,
				15FF80282F7662A100D3241C /* AnimeDetailHighlightsSectionView.swift */,
				15FF801B2F765C9500D3241C /* AnimeDetailScoreSectionView.swift */,
				15ADSK012F7C700100E37E01 /* AnimeDetailSectionSkeletonViews.swift */,
				15FF801D2F765C9500D3241C /* AnimeDetailStaffSectionView.swift */,
				15FF801E2F765C9500D3241C /* AnimeDetailSynopsisSectionView.swift */,
			);
			path = Section;
			sourceTree = "<group>";
		};
		15FF80272F765D3E00D3241C /* AnimeDetail */ = {
			isa = PBXGroup;
			children = (
				15FF801C2F765C9500D3241C /* AnimeDetailSectionComponents.swift */,
			);
			path = AnimeDetail;
			sourceTree = "<group>";
		};
		15MAL032F7F2000100MAL04 /* OpenMAL */ = {
			isa = PBXGroup;
			children = (
				15MAL012F7F2000100MAL01 /* MALWorkPageOpenButton.swift */,
			);
			path = OpenMAL;
			sourceTree = "<group>";
		};
/* End PBXGroup section */

/* Begin PBXNativeTarget section */
		15DE558F2F723A1700B292AD /* WYJikanApp */ = {
			isa = PBXNativeTarget;
			buildConfigurationList = 15DE559B2F723A1800B292AD /* Build configuration list for PBXNativeTarget "WYJikanApp" */;
			buildPhases = (
				15DE558C2F723A1700B292AD /* Sources */,
				15DE558D2F723A1700B292AD /* Frameworks */,
				15DE558E2F723A1700B292AD /* Resources */,
			);
			buildRules = (
			);
			dependencies = (
			);
			fileSystemSynchronizedGroups = (
				15DE55922F723A1700B292AD /* WYJikanApp */,
			);
			name = WYJikanApp;
			packageProductDependencies = (
				15DE559F2F723A9C00B292AD /* SDWebImageSwiftUI */,
			);
			productName = WYJikanApp;
			productReference = 15DE55902F723A1700B292AD /* WYJikanApp.app */;
			productType = "com.apple.product-type.application";
		};
/* End PBXNativeTarget section */

/* Begin PBXProject section */
		15DE55882F723A1700B292AD /* Project object */ = {
			isa = PBXProject;
			attributes = {
				BuildIndependentTargetsInParallel = 1;
				LastSwiftUpdateCheck = 2620;
				LastUpgradeCheck = 2640;
				TargetAttributes = {
					15DE558F2F723A1700B292AD = {
						CreatedOnToolsVersion = 26.2;
					};
				};
			};
			buildConfigurationList = 15DE558B2F723A1700B292AD /* Build configuration list for PBXProject "WYJikanApp" */;
			developmentRegion = en;
			hasScannedForEncodings = 0;
			knownRegions = (
				en,
				Base,
			);
			mainGroup = 15DE55872F723A1700B292AD;
			minimizedProjectReferenceProxies = 1;
			packageReferences = (
				15DE559E2F723A9C00B292AD /* XCRemoteSwiftPackageReference "SDWebImageSwiftUI" */,
			);
			preferredProjectObjectVersion = 77;
			productRefGroup = 15DE55912F723A1700B292AD /* Products */;
			projectDirPath = "";
			projectRoot = "";
			targets = (
				15DE558F2F723A1700B292AD /* WYJikanApp */,
			);
		};
/* End PBXProject section */

/* Begin PBXResourcesBuildPhase section */
		15DE558E2F723A1700B292AD /* Resources */ = {
			isa = PBXResourcesBuildPhase;
			buildActionMask = 2147483647;
			files = (
			);
			runOnlyForDeploymentPostprocessing = 0;
		};
/* End PBXResourcesBuildPhase section */

/* Begin PBXSourcesBuildPhase section */
		15DE558C2F723A1700B292AD /* Sources */ = {
			isa = PBXSourcesBuildPhase;
			buildActionMask = 2147483647;
			files = (
				15750AF32F7282C70037E8A5 /* MainTabBarView.swift in Sources */,
				1574ECA72F7CB2F100E37AE8 /* MangaDetailModel.swift in Sources */,
				159667EC2F8651EA0033410A /* AnimeListViewModel.swift in Sources */,
				1585971F2F7B614A00B0BDA1 /* AnimeDetailSeasonFormatting.swift in Sources */,
				1576E4252F7B82680082CD46 /* YouTubeEmbedWebView.swift in Sources */,
				15C80E702F8E200100DDB201 /* PageWebView.swift in Sources */,
				15C80E722F8E200200DDB201 /* NavigationWebPageView.swift in Sources */,
				15FC4F542F75077C0054153E /* HomeTrendingAnimeModel.swift in Sources */,
				15FC4F742F752CB60054153E /* HomeTrendingMangaViewModel.swift in Sources */,
				15FC4F3E2F73E7620054153E /* HeroBannerViewModel.swift in Sources */,
				1555A23E2F7B978800501496 /* AnimeDetailDateFormatting.swift in Sources */,
				1574ECA92F7CB30100E37AE8 /* MangaDetailViewModel.swift in Sources */,
				15D4MD012F7C50100E37C01 /* MangaDetailViewModel+Presentation.swift in Sources */,
				15D4MD032F7C50300E37C03 /* MangaDetailHeaderSectionView.swift in Sources */,
				15D4MD052F7C50500E37C05 /* MangaDetailHighlightsSectionView.swift in Sources */,
				159667C12F8632B70033410A /* MangaListView.swift in Sources */,
				15D4MD092F7C50900E37C09 /* MangaDetailScoreSectionView.swift in Sources */,
				159667CA2F8634440033410A /* MainListKind.swift in Sources */,
				15D4MD0B2F7C50B00E37C0B /* MangaDetailSynopsisSectionView.swift in Sources */,
				15D4MD0D2F7C50D00E37C0D /* MangaDetailPublicationSectionView.swift in Sources */,
				15D4SK022F7C600200E37D02 /* MangaDetailSectionSkeletonViews.swift in Sources */,
				15A80E402F7E560600DDB201 /* MainSearchView.swift in Sources */,
				15B80E602F8E100100DDB201 /* MainSearchResultsContentView.swift in Sources */,
				15B80E612F8E100200DDB201 /* MainSearchListSkeletonView.swift in Sources */,
				1596680B2F865F720033410A /* RandomHeroSectionView.swift in Sources */,
				1596680C2F865F720033410A /* RandomHeroErrorView.swift in Sources */,
				15B80E622F8E100300DDB201 /* MainSearchResultRowView.swift in Sources */,
				15FC4F522F7507300054153E /* HomeTrendingAnimeView.swift in Sources */,
				15A295482F86297D0056071F /* AppLogger.swift in Sources */,
				1572FE052F762D7000756CBA /* HomeTodayAnimeViewModel.swift in Sources */,
				155A9BF62F782B1100E9E3E0 /* SkeletonBar.swift in Sources */,
				155A9C022F782C2200F1E4F0 /* SectionCardSkeleton.swift in Sources */,
				155399752F7C0F5B0028BD24 /* AnimeReviewSkeletonViews.swift in Sources */,
				15FC4F5F2F750C0B0054153E /* ThemeColor.swift in Sources */,
				159667BF2F8632AC0033410A /* AnimeListView.swift in Sources */,
				15FF29642F76351700D3241C /* PosterCardView.swift in Sources */,
				15A80E492F7E5EE800DDB201 /* MainSearchModel.swift in Sources */,
				15FF80292F7662A100D3241C /* AnimeDetailHighlightsSectionView.swift in Sources */,
				15A80E472F7E5EDD00DDB201 /* MainSearchViewModel.swift in Sources */,
				15D80E982F8E301400DDB201 /* MainSearchRouter.swift in Sources */,
				1555A2562F7BB39400501496 /* AnimeDetailPicturesSectionView.swift in Sources */,
				15FC4F3A2F73E7340054153E /* HeroBannerView.swift in Sources */,
				15FC4F5A2F750B760054153E /* UIColorExtension.swift in Sources */,
				15A295632F8631F00056071F /* MainCategoryListModel.swift in Sources */,
				15DE55A42F723C0000B292AD /* JikanAPIService.swift in Sources */,
				15750AFF2F7285520037E8A5 /* PlaceholderView.swift in Sources */,
				1555A2542F7BB38900501496 /* AnimeDetailPicturesModel.swift in Sources */,
				1572FE0A2F762DE300756CBA /* HomeTodayAnimeView.swift in Sources */,
				15FC4F412F73EB7B0054153E /* MainHomeService.swift in Sources */,
				15FC4F452F74C7CF0054153E /* ErrorMessageView.swift in Sources */,
				159667F42F8659AD0033410A /* PosterTextGradientOverlayView.swift in Sources */,
				159667F52F8659AD0033410A /* RemotePosterImageView.swift in Sources */,
				15FF295D2F76332700D3241C /* AnimeDetailView.swift in Sources */,
				15FF80152F7653E200D3241C /* MainHomeRouter.swift in Sources */,
				15DE55B72F723F2800B292AD /* APIConfig.swift in Sources */,
				1585971B2F7B614200B0BDA1 /* AnimeDetailViewModel+Presentation.swift in Sources */,
				15FC4F6E2F752C250054153E /* HomeTrendingMangaView.swift in Sources */,
				15A80E4B2F7E5EF800DDB201 /* MainSearchService.swift in Sources */,
				15FC4F472F74DF4D0054153E /* HeroBannerImageView.swift in Sources */,
				1574EC432F7BCB8800E37AE8 /* AnimeReviewService.swift in Sources */,
				15FF80172F76575F00D3241C /* HeroBannerSlideView.swift in Sources */,
				15FF296D2F763B4C00D3241C /* AnimeDetailService.swift in Sources */,
				159667C52F8632DC0033410A /* CharacterListView.swift in Sources */,
				15FC4F562F7507910054153E /* HomeTrendingAnimeViewModel.swift in Sources */,
				159667F02F8652B90033410A /* AnimeListModel.swift in Sources */,
				1555A2382F7B94F300501496 /* AnimeDetailMediaKind.swift in Sources */,
				1574EC3D2F7BCB5300E37AE8 /* AnimeReviewView.swift in Sources */,
				1574EC4C2F7BCC0000E37AE8 /* AnimeReviewListView.swift in Sources */,
				1574EC4D2F7BCC1000E37AE8 /* AnimeReviewRowView.swift in Sources */,
				1574EC752F7BCDD000E37AE8 /* AnimeReviewRowHeaderView.swift in Sources */,
				155399772F7C14220028BD24 /* AnimeReviewEmptyStateView.swift in Sources */,
				1553997B2F7C18BD0028BD24 /* MangaDetailView.swift in Sources */,
				1574EC772F7BCDF000E37AE8 /* AnimeReviewRowBadgesView.swift in Sources */,
				1574EC792F7BCE1000E37AE8 /* AnimeReviewRowTagsView.swift in Sources */,
				15MAL022F7F2000100MAL02 /* MALWorkPageOpenButton.swift in Sources */,
				1572FE072F762D7700756CBA /* HomeTodayAnimeModel.swift in Sources */,
				15FF80202F765C9500D3241C /* AnimeDetailSynopsisSectionView.swift in Sources */,
				15FF80212F765C9500D3241C /* AnimeDetailBasicInfoSectionView.swift in Sources */,
				159667EE2F8651FC0033410A /* MainCategoryListService.swift in Sources */,
				1574EC412F7BCB7800E37AE8 /* AnimeReviewModel.swift in Sources */,
				15A295562F86302A0056071F /* MainCategoryListView.swift in Sources */,
				15FF80232F765C9500D3241C /* AnimeDetailStaffSectionView.swift in Sources */,
				15FF80242F765C9500D3241C /* AnimeDetailSectionComponents.swift in Sources */,
				15ADSK022F7C700200E37E02 /* AnimeDetailSectionSkeletonViews.swift in Sources */,
				15FF80252F765C9500D3241C /* AnimeDetailScoreSectionView.swift in Sources */,
				159667E02F864A6F0033410A /* PeopleListView.swift in Sources */,
				15FF80262F765C9500D3241C /* AnimeDetailHeaderSectionView.swift in Sources */,
				15A295602F8631D60056071F /* MainCategoryListViewModel.swift in Sources */,
				15FC4F4B2F74E52B0054153E /* BannerSkeletonView.swift in Sources */,
				15FC4F4F2F74E6440054153E /* ShimmerView.swift in Sources */,
				157561A72F728F8B0037E8A5 /* MainTabBarViewModel.swift in Sources */,
				15FCF8882F73C28B0054153E /* MainHomeView.swift in Sources */,
				15FC4F3C2F73E7520054153E /* HeroBannerModel.swift in Sources */,
				15FF29682F763B3100D3241C /* AnimeDetailModel.swift in Sources */,
				15FF296B2F763B4300D3241C /* AnimeDetailViewModel.swift in Sources */,
				1576E4222F7B82440082CD46 /* AnimeDetailTrailerSectionView.swift in Sources */,
				15FC4F722F752CAB0054153E /* HomeTrendingMangaModel.swift in Sources */,
				1555A23A2F7B951000501496 /* AnimeDetailViewModel+DisplayPolicy.swift in Sources */,
				1574ECAB2F7CB30F00E37AE8 /* MangaDetailService.swift in Sources */,
				15CF35722F8100D900384C5C /* CapsuleTagScrollView.swift in Sources */,
				1574EC3F2F7BCB6900E37AE8 /* AnimeReviewViewModel.swift in Sources */,
				159667FE2F865AC60033410A /* RandomHeroActionButtonsView.swift in Sources */,
				159667FF2F865AC60033410A /* RandomHeroSkeletonView.swift in Sources */,
				159668002F865AC60033410A /* RandomHeroCardView.swift in Sources */,
				1574EC562F7BCCA000E37AE8 /* AnimeReviewViewModel+Presentation.swift in Sources */,
				15A8C0112F7E0E0100E20002 /* MangaReviewView.swift in Sources */,
				15A8C0132F7E0E0100E20004 /* MangaReviewModel.swift in Sources */,
				15A8C0152F7E0E0100E20006 /* MangaReviewService.swift in Sources */,
				15A8C0172F7E0E0100E20008 /* MangaReviewViewModel.swift in Sources */,
				15A8C0192F7E0E0100E2000A /* MangaReviewViewModel+Presentation.swift in Sources */,
				15A8C01B2F7E0E0100E2000C /* MangaReviewListView.swift in Sources */,
				15A8C01D2F7E0E0100E2000E /* MangaReviewRowView.swift in Sources */,
				15A8C01F2F7E0E0100E20010 /* MangaReviewRowHeaderView.swift in Sources */,
				15A8C0212F7E0E0100E20012 /* MangaReviewRowBadgesView.swift in Sources */,
				15A8C0232F7E0E0100E20014 /* MangaReviewSkeletonViews.swift in Sources */,
			);
			runOnlyForDeploymentPostprocessing = 0;
		};
/* End PBXSourcesBuildPhase section */

/* Begin XCBuildConfiguration section */
		15DE55992F723A1800B292AD /* Debug */ = {
			isa = XCBuildConfiguration;
			buildSettings = {
				ALWAYS_SEARCH_USER_PATHS = NO;
				ASSETCATALOG_COMPILER_GENERATE_SWIFT_ASSET_SYMBOL_EXTENSIONS = YES;
				CLANG_ANALYZER_NONNULL = YES;
				CLANG_ANALYZER_NUMBER_OBJECT_CONVERSION = YES_AGGRESSIVE;
				CLANG_CXX_LANGUAGE_STANDARD = "gnu++20";
				CLANG_ENABLE_MODULES = YES;
				CLANG_ENABLE_OBJC_ARC = YES;
				CLANG_ENABLE_OBJC_WEAK = YES;
				CLANG_WARN_BLOCK_CAPTURE_AUTORELEASING = YES;
				CLANG_WARN_BOOL_CONVERSION = YES;
				CLANG_WARN_COMMA = YES;
				CLANG_WARN_CONSTANT_CONVERSION = YES;
				CLANG_WARN_DEPRECATED_OBJC_IMPLEMENTATIONS = YES;
				CLANG_WARN_DIRECT_OBJC_ISA_USAGE = YES_ERROR;
				CLANG_WARN_DOCUMENTATION_COMMENTS = YES;
				CLANG_WARN_EMPTY_BODY = YES;
				CLANG_WARN_ENUM_CONVERSION = YES;
				CLANG_WARN_INFINITE_RECURSION = YES;
				CLANG_WARN_INT_CONVERSION = YES;
				CLANG_WARN_NON_LITERAL_NULL_CONVERSION = YES;
				CLANG_WARN_OBJC_IMPLICIT_RETAIN_SELF = YES;
				CLANG_WARN_OBJC_LITERAL_CONVERSION = YES;
				CLANG_WARN_OBJC_ROOT_CLASS = YES_ERROR;
				CLANG_WARN_QUOTED_INCLUDE_IN_FRAMEWORK_HEADER = YES;
				CLANG_WARN_RANGE_LOOP_ANALYSIS = YES;
				CLANG_WARN_STRICT_PROTOTYPES = YES;
				CLANG_WARN_SUSPICIOUS_MOVE = YES;
				CLANG_WARN_UNGUARDED_AVAILABILITY = YES_AGGRESSIVE;
				CLANG_WARN_UNREACHABLE_CODE = YES;
				CLANG_WARN__DUPLICATE_METHOD_MATCH = YES;
				COPY_PHASE_STRIP = NO;
				DEBUG_INFORMATION_FORMAT = dwarf;
				DEVELOPMENT_TEAM = G5A93Q7SG9;
				ENABLE_STRICT_OBJC_MSGSEND = YES;
				ENABLE_TESTABILITY = YES;
				ENABLE_USER_SCRIPT_SANDBOXING = YES;
				GCC_C_LANGUAGE_STANDARD = gnu17;
				GCC_DYNAMIC_NO_PIC = NO;
				GCC_NO_COMMON_BLOCKS = YES;
				GCC_OPTIMIZATION_LEVEL = 0;
				GCC_PREPROCESSOR_DEFINITIONS = (
					"DEBUG=1",
					"$(inherited)",
				);
				GCC_WARN_64_TO_32_BIT_CONVERSION = YES;
				GCC_WARN_ABOUT_RETURN_TYPE = YES_ERROR;
				GCC_WARN_UNDECLARED_SELECTOR = YES;
				GCC_WARN_UNINITIALIZED_AUTOS = YES_AGGRESSIVE;
				GCC_WARN_UNUSED_FUNCTION = YES;
				GCC_WARN_UNUSED_VARIABLE = YES;
				IPHONEOS_DEPLOYMENT_TARGET = 26.0;
				LOCALIZATION_PREFERS_STRING_CATALOGS = YES;
				MTL_ENABLE_DEBUG_INFO = INCLUDE_SOURCE;
				MTL_FAST_MATH = YES;
				ONLY_ACTIVE_ARCH = YES;
				SDKROOT = iphoneos;
				STRING_CATALOG_GENERATE_SYMBOLS = YES;
				SWIFT_ACTIVE_COMPILATION_CONDITIONS = "DEBUG $(inherited)";
				SWIFT_OPTIMIZATION_LEVEL = "-Onone";
			};
			name = Debug;
		};
		15DE559A2F723A1800B292AD /* Release */ = {
			isa = XCBuildConfiguration;
			buildSettings = {
				ALWAYS_SEARCH_USER_PATHS = NO;
				ASSETCATALOG_COMPILER_GENERATE_SWIFT_ASSET_SYMBOL_EXTENSIONS = YES;
				CLANG_ANALYZER_NONNULL = YES;
				CLANG_ANALYZER_NUMBER_OBJECT_CONVERSION = YES_AGGRESSIVE;
				CLANG_CXX_LANGUAGE_STANDARD = "gnu++20";
				CLANG_ENABLE_MODULES = YES;
				CLANG_ENABLE_OBJC_ARC = YES;
				CLANG_ENABLE_OBJC_WEAK = YES;
				CLANG_WARN_BLOCK_CAPTURE_AUTORELEASING = YES;
				CLANG_WARN_BOOL_CONVERSION = YES;
				CLANG_WARN_COMMA = YES;
				CLANG_WARN_CONSTANT_CONVERSION = YES;
				CLANG_WARN_DEPRECATED_OBJC_IMPLEMENTATIONS = YES;
				CLANG_WARN_DIRECT_OBJC_ISA_USAGE = YES_ERROR;
				CLANG_WARN_DOCUMENTATION_COMMENTS = YES;
				CLANG_WARN_EMPTY_BODY = YES;
				CLANG_WARN_ENUM_CONVERSION = YES;
				CLANG_WARN_INFINITE_RECURSION = YES;
				CLANG_WARN_INT_CONVERSION = YES;
				CLANG_WARN_NON_LITERAL_NULL_CONVERSION = YES;
				CLANG_WARN_OBJC_IMPLICIT_RETAIN_SELF = YES;
				CLANG_WARN_OBJC_LITERAL_CONVERSION = YES;
				CLANG_WARN_OBJC_ROOT_CLASS = YES_ERROR;
				CLANG_WARN_QUOTED_INCLUDE_IN_FRAMEWORK_HEADER = YES;
				CLANG_WARN_RANGE_LOOP_ANALYSIS = YES;
				CLANG_WARN_STRICT_PROTOTYPES = YES;
				CLANG_WARN_SUSPICIOUS_MOVE = YES;
				CLANG_WARN_UNGUARDED_AVAILABILITY = YES_AGGRESSIVE;
				CLANG_WARN_UNREACHABLE_CODE = YES;
				CLANG_WARN__DUPLICATE_METHOD_MATCH = YES;
				COPY_PHASE_STRIP = NO;
				DEBUG_INFORMATION_FORMAT = "dwarf-with-dsym";
				DEVELOPMENT_TEAM = G5A93Q7SG9;
				ENABLE_NS_ASSERTIONS = NO;
				ENABLE_STRICT_OBJC_MSGSEND = YES;
				ENABLE_USER_SCRIPT_SANDBOXING = YES;
				GCC_C_LANGUAGE_STANDARD = gnu17;
				GCC_NO_COMMON_BLOCKS = YES;
				GCC_WARN_64_TO_32_BIT_CONVERSION = YES;
				GCC_WARN_ABOUT_RETURN_TYPE = YES_ERROR;
				GCC_WARN_UNDECLARED_SELECTOR = YES;
				GCC_WARN_UNINITIALIZED_AUTOS = YES_AGGRESSIVE;
				GCC_WARN_UNUSED_FUNCTION = YES;
				GCC_WARN_UNUSED_VARIABLE = YES;
				IPHONEOS_DEPLOYMENT_TARGET = 26.0;
				LOCALIZATION_PREFERS_STRING_CATALOGS = YES;
				MTL_ENABLE_DEBUG_INFO = NO;
				MTL_FAST_MATH = YES;
				SDKROOT = iphoneos;
				STRING_CATALOG_GENERATE_SYMBOLS = YES;
				SWIFT_COMPILATION_MODE = wholemodule;
				VALIDATE_PRODUCT = YES;
			};
			name = Release;
		};
		15DE559C2F723A1800B292AD /* Debug */ = {
			isa = XCBuildConfiguration;
			buildSettings = {
				ASSETCATALOG_COMPILER_APPICON_NAME = AppIcon;
				ASSETCATALOG_COMPILER_GLOBAL_ACCENT_COLOR_NAME = AccentColor;
				CODE_SIGN_STYLE = Automatic;
				CURRENT_PROJECT_VERSION = 1;
				DEVELOPMENT_TEAM = G5A93Q7SG9;
				ENABLE_PREVIEWS = YES;
				GENERATE_INFOPLIST_FILE = YES;
				INFOPLIST_KEY_UIApplicationSceneManifest_Generation = YES;
				INFOPLIST_KEY_UIApplicationSupportsIndirectInputEvents = YES;
				INFOPLIST_KEY_UILaunchScreen_Generation = YES;
				INFOPLIST_KEY_UISupportedInterfaceOrientations_iPad = "UIInterfaceOrientationPortrait UIInterfaceOrientationPortraitUpsideDown UIInterfaceOrientationLandscapeLeft UIInterfaceOrientationLandscapeRight";
				INFOPLIST_KEY_UISupportedInterfaceOrientations_iPhone = "UIInterfaceOrientationPortrait UIInterfaceOrientationLandscapeLeft UIInterfaceOrientationLandscapeRight";
				IPHONEOS_DEPLOYMENT_TARGET = 26.0;
				LD_RUNPATH_SEARCH_PATHS = (
					"$(inherited)",
					"@executable_path/Frameworks",
				);
				MARKETING_VERSION = 1.0;
				PRODUCT_BUNDLE_IDENTIFIER = willyhsu.co.WYJikanApp;
				PRODUCT_NAME = "$(TARGET_NAME)";
				STRING_CATALOG_GENERATE_SYMBOLS = YES;
				SWIFT_APPROACHABLE_CONCURRENCY = YES;
				SWIFT_DEFAULT_ACTOR_ISOLATION = MainActor;
				SWIFT_EMIT_LOC_STRINGS = YES;
				SWIFT_SUPPRESS_WARNINGS = NO;
				SWIFT_TREAT_WARNINGS_AS_ERRORS = YES;
				SWIFT_UPCOMING_FEATURE_MEMBER_IMPORT_VISIBILITY = YES;
				SWIFT_VERSION = 6.0;
				TARGETED_DEVICE_FAMILY = "1,2";
			};
			name = Debug;
		};
		15DE559D2F723A1800B292AD /* Release */ = {
			isa = XCBuildConfiguration;
			buildSettings = {
				ASSETCATALOG_COMPILER_APPICON_NAME = AppIcon;
				ASSETCATALOG_COMPILER_GLOBAL_ACCENT_COLOR_NAME = AccentColor;
				CODE_SIGN_STYLE = Automatic;
				CURRENT_PROJECT_VERSION = 1;
				DEVELOPMENT_TEAM = G5A93Q7SG9;
				ENABLE_PREVIEWS = YES;
				GENERATE_INFOPLIST_FILE = YES;
				INFOPLIST_KEY_UIApplicationSceneManifest_Generation = YES;
				INFOPLIST_KEY_UIApplicationSupportsIndirectInputEvents = YES;
				INFOPLIST_KEY_UILaunchScreen_Generation = YES;
				INFOPLIST_KEY_UISupportedInterfaceOrientations_iPad = "UIInterfaceOrientationPortrait UIInterfaceOrientationPortraitUpsideDown UIInterfaceOrientationLandscapeLeft UIInterfaceOrientationLandscapeRight";
				INFOPLIST_KEY_UISupportedInterfaceOrientations_iPhone = "UIInterfaceOrientationPortrait UIInterfaceOrientationLandscapeLeft UIInterfaceOrientationLandscapeRight";
				IPHONEOS_DEPLOYMENT_TARGET = 26.0;
				LD_RUNPATH_SEARCH_PATHS = (
					"$(inherited)",
					"@executable_path/Frameworks",
				);
				MARKETING_VERSION = 1.0;
				PRODUCT_BUNDLE_IDENTIFIER = willyhsu.co.WYJikanApp;
				PRODUCT_NAME = "$(TARGET_NAME)";
				STRING_CATALOG_GENERATE_SYMBOLS = YES;
				SWIFT_APPROACHABLE_CONCURRENCY = YES;
				SWIFT_DEFAULT_ACTOR_ISOLATION = MainActor;
				SWIFT_EMIT_LOC_STRINGS = YES;
				SWIFT_SUPPRESS_WARNINGS = NO;
				SWIFT_TREAT_WARNINGS_AS_ERRORS = YES;
				SWIFT_UPCOMING_FEATURE_MEMBER_IMPORT_VISIBILITY = YES;
				SWIFT_VERSION = 6.0;
				TARGETED_DEVICE_FAMILY = "1,2";
			};
			name = Release;
		};
/* End XCBuildConfiguration section */

/* Begin XCConfigurationList section */
		15DE558B2F723A1700B292AD /* Build configuration list for PBXProject "WYJikanApp" */ = {
			isa = XCConfigurationList;
			buildConfigurations = (
				15DE55992F723A1800B292AD /* Debug */,
				15DE559A2F723A1800B292AD /* Release */,
			);
			defaultConfigurationIsVisible = 0;
			defaultConfigurationName = Release;
		};
		15DE559B2F723A1800B292AD /* Build configuration list for PBXNativeTarget "WYJikanApp" */ = {
			isa = XCConfigurationList;
			buildConfigurations = (
				15DE559C2F723A1800B292AD /* Debug */,
				15DE559D2F723A1800B292AD /* Release */,
			);
			defaultConfigurationIsVisible = 0;
			defaultConfigurationName = Release;
		};
/* End XCConfigurationList section */

/* Begin XCRemoteSwiftPackageReference section */
		15DE559E2F723A9C00B292AD /* XCRemoteSwiftPackageReference "SDWebImageSwiftUI" */ = {
			isa = XCRemoteSwiftPackageReference;
			repositoryURL = "https://github.com/SDWebImage/SDWebImageSwiftUI";
			requirement = {
				kind = upToNextMajorVersion;
				minimumVersion = 3.1.4;
			};
		};
/* End XCRemoteSwiftPackageReference section */

/* Begin XCSwiftPackageProductDependency section */
		15DE559F2F723A9C00B292AD /* SDWebImageSwiftUI */ = {
			isa = XCSwiftPackageProductDependency;
			package = 15DE559E2F723A9C00B292AD /* XCRemoteSwiftPackageReference "SDWebImageSwiftUI" */;
			productName = SDWebImageSwiftUI;
		};
/* End XCSwiftPackageProductDependency section */
	};
	rootObject = 15DE55882F723A1700B292AD /* Project object */;
}
