// !$*UTF8*$!
{
	archiveVersion = 1;
	classes = {
	};
	objectVersion = 77;
	objects = {

/* Begin PBXBuildFile section */
		15750AF32F7282C70037E8A5 /* MainTabBarView.swift in Sources */ = {isa = PBXBuildFile; fileRef = 15750AF22F7282C70037E8A5 /* MainTabBarView.swift */; };
		15750AFF2F7285520037E8A5 /* PlaceholderView.swift in Sources */ = {isa = PBXBuildFile; fileRef = 15750AFE2F7285520037E8A5 /* PlaceholderView.swift */; };
		157561A72F728F8B0037E8A5 /* MainTabBarViewModel.swift in Sources */ = {isa = PBXBuildFile; fileRef = 157561A62F728F8B0037E8A5 /* MainTabBarViewModel.swift */; };
		15DE55A02F723A9C00B292AD /* SDWebImageSwiftUI in Frameworks */ = {isa = PBXBuildFile; productRef = 15DE559F2F723A9C00B292AD /* SDWebImageSwiftUI */; };
		15DE55A42F723C0000B292AD /* JikanAPIService.swift in Sources */ = {isa = PBXBuildFile; fileRef = 15DE55A52F723C0000B292AD /* JikanAPIService.swift */; };
		15DE55B72F723F2800B292AD /* APIConfig.swift in Sources */ = {isa = PBXBuildFile; fileRef = 15DE55B62F723F2800B292AD /* APIConfig.swift */; };
		15FC4F3A2F73E7340054153E /* HeroBannerView.swift in Sources */ = {isa = PBXBuildFile; fileRef = 15FC4F392F73E7340054153E /* HeroBannerView.swift */; };
		15FC4F3C2F73E7520054153E /* HeroBannerModel.swift in Sources */ = {isa = PBXBuildFile; fileRef = 15FC4F3B2F73E7520054153E /* HeroBannerModel.swift */; };
		15FC4F3E2F73E7620054153E /* HeroBannerViewModel.swift in Sources */ = {isa = PBXBuildFile; fileRef = 15FC4F3D2F73E7620054153E /* HeroBannerViewModel.swift */; };
		15FC4F412F73EB7B0054153E /* MainHomeService.swift in Sources */ = {isa = PBXBuildFile; fileRef = 15FC4F402F73EB7B0054153E /* MainHomeService.swift */; };
		15FCF8882F73C28B0054153E /* MainHomeView.swift in Sources */ = {isa = PBXBuildFile; fileRef = 15FCF8872F73C28B0054153E /* MainHomeView.swift */; };
/* End PBXBuildFile section */

/* Begin PBXFileReference section */
		15750AF22F7282C70037E8A5 /* MainTabBarView.swift */ = {isa = PBXFileReference; lastKnownFileType = sourcecode.swift; path = MainTabBarView.swift; sourceTree = "<group>"; };
		15750AFE2F7285520037E8A5 /* PlaceholderView.swift */ = {isa = PBXFileReference; lastKnownFileType = sourcecode.swift; path = PlaceholderView.swift; sourceTree = "<group>"; };
		157561A62F728F8B0037E8A5 /* MainTabBarViewModel.swift */ = {isa = PBXFileReference; lastKnownFileType = sourcecode.swift; path = MainTabBarViewModel.swift; sourceTree = "<group>"; };
		15DE55902F723A1700B292AD /* WYJikanApp.app */ = {isa = PBXFileReference; explicitFileType = wrapper.application; includeInIndex = 0; path = WYJikanApp.app; sourceTree = BUILT_PRODUCTS_DIR; };
		15DE55A52F723C0000B292AD /* JikanAPIService.swift */ = {isa = PBXFileReference; lastKnownFileType = sourcecode.swift; path = JikanAPIService.swift; sourceTree = "<group>"; };
		15DE55B62F723F2800B292AD /* APIConfig.swift */ = {isa = PBXFileReference; lastKnownFileType = sourcecode.swift; path = APIConfig.swift; sourceTree = "<group>"; };
		15FC4F392F73E7340054153E /* HeroBannerView.swift */ = {isa = PBXFileReference; lastKnownFileType = sourcecode.swift; path = HeroBannerView.swift; sourceTree = "<group>"; };
		15FC4F3B2F73E7520054153E /* HeroBannerModel.swift */ = {isa = PBXFileReference; lastKnownFileType = sourcecode.swift; path = HeroBannerModel.swift; sourceTree = "<group>"; };
		15FC4F3D2F73E7620054153E /* HeroBannerViewModel.swift */ = {isa = PBXFileReference; lastKnownFileType = sourcecode.swift; path = HeroBannerViewModel.swift; sourceTree = "<group>"; };
		15FC4F402F73EB7B0054153E /* MainHomeService.swift */ = {isa = PBXFileReference; lastKnownFileType = sourcecode.swift; path = MainHomeService.swift; sourceTree = "<group>"; };
		15FCF8872F73C28B0054153E /* MainHomeView.swift */ = {isa = PBXFileReference; lastKnownFileType = sourcecode.swift; path = MainHomeView.swift; sourceTree = "<group>"; };
/* End PBXFileReference section */

/* Begin PBXFileSystemSynchronizedRootGroup section */
		15DE55922F723A1700B292AD /* WYJikanApp */ = {
			isa = PBXFileSystemSynchronizedRootGroup;
			path = WYJikanApp;
			sourceTree = "<group>";
		};
/* End PBXFileSystemSynchronizedRootGroup section */

/* Begin PBXFrameworksBuildPhase section */
		15DE558D2F723A1700B292AD /* Frameworks */ = {
			isa = PBXFrameworksBuildPhase;
			buildActionMask = 2147483647;
			files = (
				15DE55A02F723A9C00B292AD /* SDWebImageSwiftUI in Frameworks */,
			);
			runOnlyForDeploymentPostprocessing = 0;
		};
/* End PBXFrameworksBuildPhase section */

/* Begin PBXGroup section */
		15134BB62F7269BD002DBB76 /* MainTabBar */ = {
			isa = PBXGroup;
			children = (
				157561A52F728F7A0037E8A5 /* ViewModel */,
				15750AF12F7282AE0037E8A5 /* View */,
			);
			path = MainTabBar;
			sourceTree = "<group>";
		};
		15750AF12F7282AE0037E8A5 /* View */ = {
			isa = PBXGroup;
			children = (
				15750AF22F7282C70037E8A5 /* MainTabBarView.swift */,
			);
			path = View;
			sourceTree = "<group>";
		};
		15750AFD2F7285340037E8A5 /* Placeholders */ = {
			isa = PBXGroup;
			children = (
				15750AFE2F7285520037E8A5 /* PlaceholderView.swift */,
			);
			path = Placeholders;
			sourceTree = "<group>";
		};
		157561A52F728F7A0037E8A5 /* ViewModel */ = {
			isa = PBXGroup;
			children = (
				157561A62F728F8B0037E8A5 /* MainTabBarViewModel.swift */,
			);
			path = ViewModel;
			sourceTree = "<group>";
		};
		15DE55872F723A1700B292AD = {
			isa = PBXGroup;
			children = (
				15FCF8832F73C25A0054153E /* MainHome */,
				15750AFD2F7285340037E8A5 /* Placeholders */,
				15134BB62F7269BD002DBB76 /* MainTabBar */,
				15DE55A12F723B4C00B292AD /* Network */,
				15DE55922F723A1700B292AD /* WYJikanApp */,
				15DE55912F723A1700B292AD /* Products */,
			);
			sourceTree = "<group>";
		};
		15DE55912F723A1700B292AD /* Products */ = {
			isa = PBXGroup;
			children = (
				15DE55902F723A1700B292AD /* WYJikanApp.app */,
			);
			name = Products;
			sourceTree = "<group>";
		};
		15DE55A12F723B4C00B292AD /* Network */ = {
			isa = PBXGroup;
			children = (
				15DE55A32F723B6600B292AD /* Service */,
				15DE55A22F723B5700B292AD /* API */,
			);
			path = Network;
			sourceTree = "<group>";
		};
		15DE55A22F723B5700B292AD /* API */ = {
			isa = PBXGroup;
			children = (
				15DE55B62F723F2800B292AD /* APIConfig.swift */,
			);
			path = API;
			sourceTree = "<group>";
		};
		15DE55A32F723B6600B292AD /* Service */ = {
			isa = PBXGroup;
			children = (
				15DE55A52F723C0000B292AD /* JikanAPIService.swift */,
			);
			path = Service;
			sourceTree = "<group>";
		};
		15FC4F342F73E6480054153E /* Model */ = {
			isa = PBXGroup;
			children = (
				15FC4F3B2F73E7520054153E /* HeroBannerModel.swift */,
			);
			path = Model;
			sourceTree = "<group>";
		};
		15FC4F352F73E64F0054153E /* ViewModel */ = {
			isa = PBXGroup;
			children = (
				15FC4F3D2F73E7620054153E /* HeroBannerViewModel.swift */,
			);
			path = ViewModel;
			sourceTree = "<group>";
		};
		15FC4F372F73E7090054153E /* MainView */ = {
			isa = PBXGroup;
			children = (
				15FCF8872F73C28B0054153E /* MainHomeView.swift */,
			);
			path = MainView;
			sourceTree = "<group>";
		};
		15FC4F382F73E71E0054153E /* Banner */ = {
			isa = PBXGroup;
			children = (
				15FC4F392F73E7340054153E /* HeroBannerView.swift */,
			);
			path = Banner;
			sourceTree = "<group>";
		};
		15FC4F3F2F73EAE20054153E /* Service */ = {
			isa = PBXGroup;
			children = (
				15FC4F402F73EB7B0054153E /* MainHomeService.swift */,
			);
			path = Service;
			sourceTree = "<group>";
		};
		15FCF8832F73C25A0054153E /* MainHome */ = {
			isa = PBXGroup;
			children = (
				15FC4F3F2F73EAE20054153E /* Service */,
				15FC4F352F73E64F0054153E /* ViewModel */,
				15FC4F342F73E6480054153E /* Model */,
				15FCF8842F73C2660054153E /* View */,
			);
			path = MainHome;
			sourceTree = "<group>";
		};
		15FCF8842F73C2660054153E /* View */ = {
			isa = PBXGroup;
			children = (
				15FC4F382F73E71E0054153E /* Banner */,
				15FC4F372F73E7090054153E /* MainView */,
			);
			path = View;
			sourceTree = "<group>";
		};
/* End PBXGroup section */

/* Begin PBXNativeTarget section */
		15DE558F2F723A1700B292AD /* WYJikanApp */ = {
			isa = PBXNativeTarget;
			buildConfigurationList = 15DE559B2F723A1800B292AD /* Build configuration list for PBXNativeTarget "WYJikanApp" */;
			buildPhases = (
				15DE558C2F723A1700B292AD /* Sources */,
				15DE558D2F723A1700B292AD /* Frameworks */,
				15DE558E2F723A1700B292AD /* Resources */,
			);
			buildRules = (
			);
			dependencies = (
			);
			fileSystemSynchronizedGroups = (
				15DE55922F723A1700B292AD /* WYJikanApp */,
			);
			name = WYJikanApp;
			packageProductDependencies = (
				15DE559F2F723A9C00B292AD /* SDWebImageSwiftUI */,
			);
			productName = WYJikanApp;
			productReference = 15DE55902F723A1700B292AD /* WYJikanApp.app */;
			productType = "com.apple.product-type.application";
		};
/* End PBXNativeTarget section */

/* Begin PBXProject section */
		15DE55882F723A1700B292AD /* Project object */ = {
			isa = PBXProject;
			attributes = {
				BuildIndependentTargetsInParallel = 1;
				LastSwiftUpdateCheck = 2620;
				LastUpgradeCheck = 2620;
				TargetAttributes = {
					15DE558F2F723A1700B292AD = {
						CreatedOnToolsVersion = 26.2;
					};
				};
			};
			buildConfigurationList = 15DE558B2F723A1700B292AD /* Build configuration list for PBXProject "WYJikanApp" */;
			developmentRegion = en;
			hasScannedForEncodings = 0;
			knownRegions = (
				en,
				Base,
			);
			mainGroup = 15DE55872F723A1700B292AD;
			minimizedProjectReferenceProxies = 1;
			packageReferences = (
				15DE559E2F723A9C00B292AD /* XCRemoteSwiftPackageReference "SDWebImageSwiftUI" */,
			);
			preferredProjectObjectVersion = 77;
			productRefGroup = 15DE55912F723A1700B292AD /* Products */;
			projectDirPath = "";
			projectRoot = "";
			targets = (
				15DE558F2F723A1700B292AD /* WYJikanApp */,
			);
		};
/* End PBXProject section */

/* Begin PBXResourcesBuildPhase section */
		15DE558E2F723A1700B292AD /* Resources */ = {
			isa = PBXResourcesBuildPhase;
			buildActionMask = 2147483647;
			files = (
			);
			runOnlyForDeploymentPostprocessing = 0;
		};
/* End PBXResourcesBuildPhase section */

/* Begin PBXSourcesBuildPhase section */
		15DE558C2F723A1700B292AD /* Sources */ = {
			isa = PBXSourcesBuildPhase;
			buildActionMask = 2147483647;
			files = (
				15750AF32F7282C70037E8A5 /* MainTabBarView.swift in Sources */,
				15FC4F3E2F73E7620054153E /* HeroBannerViewModel.swift in Sources */,
				15FC4F3A2F73E7340054153E /* HeroBannerView.swift in Sources */,
				15DE55A42F723C0000B292AD /* JikanAPIService.swift in Sources */,
				15750AFF2F7285520037E8A5 /* PlaceholderView.swift in Sources */,
				15FC4F412F73EB7B0054153E /* MainHomeService.swift in Sources */,
				15DE55B72F723F2800B292AD /* APIConfig.swift in Sources */,
				157561A72F728F8B0037E8A5 /* MainTabBarViewModel.swift in Sources */,
				15FCF8882F73C28B0054153E /* MainHomeView.swift in Sources */,
				15FC4F3C2F73E7520054153E /* HeroBannerModel.swift in Sources */,
			);
			runOnlyForDeploymentPostprocessing = 0;
		};
/* End PBXSourcesBuildPhase section */

/* Begin XCBuildConfiguration section */
		15DE55992F723A1800B292AD /* Debug */ = {
			isa = XCBuildConfiguration;
			buildSettings = {
				ALWAYS_SEARCH_USER_PATHS = NO;
				ASSETCATALOG_COMPILER_GENERATE_SWIFT_ASSET_SYMBOL_EXTENSIONS = YES;
				CLANG_ANALYZER_NONNULL = YES;
				CLANG_ANALYZER_NUMBER_OBJECT_CONVERSION = YES_AGGRESSIVE;
				CLANG_CXX_LANGUAGE_STANDARD = "gnu++20";
				CLANG_ENABLE_MODULES = YES;
				CLANG_ENABLE_OBJC_ARC = YES;
				CLANG_ENABLE_OBJC_WEAK = YES;
				CLANG_WARN_BLOCK_CAPTURE_AUTORELEASING = YES;
				CLANG_WARN_BOOL_CONVERSION = YES;
				CLANG_WARN_COMMA = YES;
				CLANG_WARN_CONSTANT_CONVERSION = YES;
				CLANG_WARN_DEPRECATED_OBJC_IMPLEMENTATIONS = YES;
				CLANG_WARN_DIRECT_OBJC_ISA_USAGE = YES_ERROR;
				CLANG_WARN_DOCUMENTATION_COMMENTS = YES;
				CLANG_WARN_EMPTY_BODY = YES;
				CLANG_WARN_ENUM_CONVERSION = YES;
				CLANG_WARN_INFINITE_RECURSION = YES;
				CLANG_WARN_INT_CONVERSION = YES;
				CLANG_WARN_NON_LITERAL_NULL_CONVERSION = YES;
				CLANG_WARN_OBJC_IMPLICIT_RETAIN_SELF = YES;
				CLANG_WARN_OBJC_LITERAL_CONVERSION = YES;
				CLANG_WARN_OBJC_ROOT_CLASS = YES_ERROR;
				CLANG_WARN_QUOTED_INCLUDE_IN_FRAMEWORK_HEADER = YES;
				CLANG_WARN_RANGE_LOOP_ANALYSIS = YES;
				CLANG_WARN_STRICT_PROTOTYPES = YES;
				CLANG_WARN_SUSPICIOUS_MOVE = YES;
				CLANG_WARN_UNGUARDED_AVAILABILITY = YES_AGGRESSIVE;
				CLANG_WARN_UNREACHABLE_CODE = YES;
				CLANG_WARN__DUPLICATE_METHOD_MATCH = YES;
				COPY_PHASE_STRIP = NO;
				DEBUG_INFORMATION_FORMAT = dwarf;
				DEVELOPMENT_TEAM = G5A93Q7SG9;
				ENABLE_STRICT_OBJC_MSGSEND = YES;
				ENABLE_TESTABILITY = YES;
				ENABLE_USER_SCRIPT_SANDBOXING = YES;
				GCC_C_LANGUAGE_STANDARD = gnu17;
				GCC_DYNAMIC_NO_PIC = NO;
				GCC_NO_COMMON_BLOCKS = YES;
				GCC_OPTIMIZATION_LEVEL = 0;
				GCC_PREPROCESSOR_DEFINITIONS = (
					"DEBUG=1",
					"$(inherited)",
				);
				GCC_WARN_64_TO_32_BIT_CONVERSION = YES;
				GCC_WARN_ABOUT_RETURN_TYPE = YES_ERROR;
				GCC_WARN_UNDECLARED_SELECTOR = YES;
				GCC_WARN_UNINITIALIZED_AUTOS = YES_AGGRESSIVE;
				GCC_WARN_UNUSED_FUNCTION = YES;
				GCC_WARN_UNUSED_VARIABLE = YES;
				IPHONEOS_DEPLOYMENT_TARGET = 26.0;
				LOCALIZATION_PREFERS_STRING_CATALOGS = YES;
				MTL_ENABLE_DEBUG_INFO = INCLUDE_SOURCE;
				MTL_FAST_MATH = YES;
				ONLY_ACTIVE_ARCH = YES;
				SDKROOT = iphoneos;
				SWIFT_ACTIVE_COMPILATION_CONDITIONS = "DEBUG $(inherited)";
				SWIFT_OPTIMIZATION_LEVEL = "-Onone";
			};
			name = Debug;
		};
		15DE559A2F723A1800B292AD /* Release */ = {
			isa = XCBuildConfiguration;
			buildSettings = {
				ALWAYS_SEARCH_USER_PATHS = NO;
				ASSETCATALOG_COMPILER_GENERATE_SWIFT_ASSET_SYMBOL_EXTENSIONS = YES;
				CLANG_ANALYZER_NONNULL = YES;
				CLANG_ANALYZER_NUMBER_OBJECT_CONVERSION = YES_AGGRESSIVE;
				CLANG_CXX_LANGUAGE_STANDARD = "gnu++20";
				CLANG_ENABLE_MODULES = YES;
				CLANG_ENABLE_OBJC_ARC = YES;
				CLANG_ENABLE_OBJC_WEAK = YES;
				CLANG_WARN_BLOCK_CAPTURE_AUTORELEASING = YES;
				CLANG_WARN_BOOL_CONVERSION = YES;
				CLANG_WARN_COMMA = YES;
				CLANG_WARN_CONSTANT_CONVERSION = YES;
				CLANG_WARN_DEPRECATED_OBJC_IMPLEMENTATIONS = YES;
				CLANG_WARN_DIRECT_OBJC_ISA_USAGE = YES_ERROR;
				CLANG_WARN_DOCUMENTATION_COMMENTS = YES;
				CLANG_WARN_EMPTY_BODY = YES;
				CLANG_WARN_ENUM_CONVERSION = YES;
				CLANG_WARN_INFINITE_RECURSION = YES;
				CLANG_WARN_INT_CONVERSION = YES;
				CLANG_WARN_NON_LITERAL_NULL_CONVERSION = YES;
				CLANG_WARN_OBJC_IMPLICIT_RETAIN_SELF = YES;
				CLANG_WARN_OBJC_LITERAL_CONVERSION = YES;
				CLANG_WARN_OBJC_ROOT_CLASS = YES_ERROR;
				CLANG_WARN_QUOTED_INCLUDE_IN_FRAMEWORK_HEADER = YES;
				CLANG_WARN_RANGE_LOOP_ANALYSIS = YES;
				CLANG_WARN_STRICT_PROTOTYPES = YES;
				CLANG_WARN_SUSPICIOUS_MOVE = YES;
				CLANG_WARN_UNGUARDED_AVAILABILITY = YES_AGGRESSIVE;
				CLANG_WARN_UNREACHABLE_CODE = YES;
				CLANG_WARN__DUPLICATE_METHOD_MATCH = YES;
				COPY_PHASE_STRIP = NO;
				DEBUG_INFORMATION_FORMAT = "dwarf-with-dsym";
				DEVELOPMENT_TEAM = G5A93Q7SG9;
				ENABLE_NS_ASSERTIONS = NO;
				ENABLE_STRICT_OBJC_MSGSEND = YES;
				ENABLE_USER_SCRIPT_SANDBOXING = YES;
				GCC_C_LANGUAGE_STANDARD = gnu17;
				GCC_NO_COMMON_BLOCKS = YES;
				GCC_WARN_64_TO_32_BIT_CONVERSION = YES;
				GCC_WARN_ABOUT_RETURN_TYPE = YES_ERROR;
				GCC_WARN_UNDECLARED_SELECTOR = YES;
				GCC_WARN_UNINITIALIZED_AUTOS = YES_AGGRESSIVE;
				GCC_WARN_UNUSED_FUNCTION = YES;
				GCC_WARN_UNUSED_VARIABLE = YES;
				IPHONEOS_DEPLOYMENT_TARGET = 26.0;
				LOCALIZATION_PREFERS_STRING_CATALOGS = YES;
				MTL_ENABLE_DEBUG_INFO = NO;
				MTL_FAST_MATH = YES;
				SDKROOT = iphoneos;
				SWIFT_COMPILATION_MODE = wholemodule;
				VALIDATE_PRODUCT = YES;
			};
			name = Release;
		};
		15DE559C2F723A1800B292AD /* Debug */ = {
			isa = XCBuildConfiguration;
			buildSettings = {
				ASSETCATALOG_COMPILER_APPICON_NAME = AppIcon;
				ASSETCATALOG_COMPILER_GLOBAL_ACCENT_COLOR_NAME = AccentColor;
				CODE_SIGN_STYLE = Automatic;
				CURRENT_PROJECT_VERSION = 1;
				DEVELOPMENT_TEAM = G5A93Q7SG9;
				ENABLE_PREVIEWS = YES;
				GENERATE_INFOPLIST_FILE = YES;
				INFOPLIST_KEY_UIApplicationSceneManifest_Generation = YES;
				INFOPLIST_KEY_UIApplicationSupportsIndirectInputEvents = YES;
				INFOPLIST_KEY_UILaunchScreen_Generation = YES;
				INFOPLIST_KEY_UISupportedInterfaceOrientations_iPad = "UIInterfaceOrientationPortrait UIInterfaceOrientationPortraitUpsideDown UIInterfaceOrientationLandscapeLeft UIInterfaceOrientationLandscapeRight";
				INFOPLIST_KEY_UISupportedInterfaceOrientations_iPhone = "UIInterfaceOrientationPortrait UIInterfaceOrientationLandscapeLeft UIInterfaceOrientationLandscapeRight";
				IPHONEOS_DEPLOYMENT_TARGET = 26.0;
				LD_RUNPATH_SEARCH_PATHS = (
					"$(inherited)",
					"@executable_path/Frameworks",
				);
				MARKETING_VERSION = 1.0;
				PRODUCT_BUNDLE_IDENTIFIER = willyhsu.co.WYJikanApp;
				PRODUCT_NAME = "$(TARGET_NAME)";
				STRING_CATALOG_GENERATE_SYMBOLS = YES;
				SWIFT_APPROACHABLE_CONCURRENCY = YES;
				SWIFT_DEFAULT_ACTOR_ISOLATION = MainActor;
				SWIFT_EMIT_LOC_STRINGS = YES;
				SWIFT_SUPPRESS_WARNINGS = NO;
				SWIFT_TREAT_WARNINGS_AS_ERRORS = YES;
				SWIFT_UPCOMING_FEATURE_MEMBER_IMPORT_VISIBILITY = YES;
				SWIFT_VERSION = 6.0;
				TARGETED_DEVICE_FAMILY = "1,2";
			};
			name = Debug;
		};
		15DE559D2F723A1800B292AD /* Release */ = {
			isa = XCBuildConfiguration;
			buildSettings = {
				ASSETCATALOG_COMPILER_APPICON_NAME = AppIcon;
				ASSETCATALOG_COMPILER_GLOBAL_ACCENT_COLOR_NAME = AccentColor;
				CODE_SIGN_STYLE = Automatic;
				CURRENT_PROJECT_VERSION = 1;
				DEVELOPMENT_TEAM = G5A93Q7SG9;
				ENABLE_PREVIEWS = YES;
				GENERATE_INFOPLIST_FILE = YES;
				INFOPLIST_KEY_UIApplicationSceneManifest_Generation = YES;
				INFOPLIST_KEY_UIApplicationSupportsIndirectInputEvents = YES;
				INFOPLIST_KEY_UILaunchScreen_Generation = YES;
				INFOPLIST_KEY_UISupportedInterfaceOrientations_iPad = "UIInterfaceOrientationPortrait UIInterfaceOrientationPortraitUpsideDown UIInterfaceOrientationLandscapeLeft UIInterfaceOrientationLandscapeRight";
				INFOPLIST_KEY_UISupportedInterfaceOrientations_iPhone = "UIInterfaceOrientationPortrait UIInterfaceOrientationLandscapeLeft UIInterfaceOrientationLandscapeRight";
				IPHONEOS_DEPLOYMENT_TARGET = 26.0;
				LD_RUNPATH_SEARCH_PATHS = (
					"$(inherited)",
					"@executable_path/Frameworks",
				);
				MARKETING_VERSION = 1.0;
				PRODUCT_BUNDLE_IDENTIFIER = willyhsu.co.WYJikanApp;
				PRODUCT_NAME = "$(TARGET_NAME)";
				STRING_CATALOG_GENERATE_SYMBOLS = YES;
				SWIFT_APPROACHABLE_CONCURRENCY = YES;
				SWIFT_DEFAULT_ACTOR_ISOLATION = MainActor;
				SWIFT_EMIT_LOC_STRINGS = YES;
				SWIFT_SUPPRESS_WARNINGS = NO;
				SWIFT_TREAT_WARNINGS_AS_ERRORS = YES;
				SWIFT_UPCOMING_FEATURE_MEMBER_IMPORT_VISIBILITY = YES;
				SWIFT_VERSION = 6.0;
				TARGETED_DEVICE_FAMILY = "1,2";
			};
			name = Release;
		};
/* End XCBuildConfiguration section */

/* Begin XCConfigurationList section */
		15DE558B2F723A1700B292AD /* Build configuration list for PBXProject "WYJikanApp" */ = {
			isa = XCConfigurationList;
			buildConfigurations = (
				15DE55992F723A1800B292AD /* Debug */,
				15DE559A2F723A1800B292AD /* Release */,
			);
			defaultConfigurationIsVisible = 0;
			defaultConfigurationName = Release;
		};
		15DE559B2F723A1800B292AD /* Build configuration list for PBXNativeTarget "WYJikanApp" */ = {
			isa = XCConfigurationList;
			buildConfigurations = (
				15DE559C2F723A1800B292AD /* Debug */,
				15DE559D2F723A1800B292AD /* Release */,
			);
			defaultConfigurationIsVisible = 0;
			defaultConfigurationName = Release;
		};
/* End XCConfigurationList section */

/* Begin XCRemoteSwiftPackageReference section */
		15DE559E2F723A9C00B292AD /* XCRemoteSwiftPackageReference "SDWebImageSwiftUI" */ = {
			isa = XCRemoteSwiftPackageReference;
			repositoryURL = "https://github.com/SDWebImage/SDWebImageSwiftUI";
			requirement = {
				kind = upToNextMajorVersion;
				minimumVersion = 3.1.4;
			};
		};
/* End XCRemoteSwiftPackageReference section */

/* Begin XCSwiftPackageProductDependency section */
		15DE559F2F723A9C00B292AD /* SDWebImageSwiftUI */ = {
			isa = XCSwiftPackageProductDependency;
			package = 15DE559E2F723A9C00B292AD /* XCRemoteSwiftPackageReference "SDWebImageSwiftUI" */;
			productName = SDWebImageSwiftUI;
		};
/* End XCSwiftPackageProductDependency section */
	};
	rootObject = 15DE55882F723A1700B292AD /* Project object */;
}
